// !$*UTF8*$!
{
	archiveVersion = 1;
	classes = {
	};
	objectVersion = 46;
	objects = {

/* Begin PBXBuildFile section */
		090AECA31A2DA0CE007FD67A /* HelpScreenPageList.plist in Resources */ = {isa = PBXBuildFile; fileRef = 090AECA21A2DA0CE007FD67A /* HelpScreenPageList.plist */; };
		090AECA81A2DB966007FD67A /* help_icon.png in Resources */ = {isa = PBXBuildFile; fileRef = 090AECA41A2DB966007FD67A /* help_icon.png */; };
		090AECA91A2DB966007FD67A /* list_icon.png in Resources */ = {isa = PBXBuildFile; fileRef = 090AECA51A2DB966007FD67A /* list_icon.png */; };
		090AECB41A2DDB18007FD67A /* libGoogleAnalyticsServices.a in Frameworks */ = {isa = PBXBuildFile; fileRef = 090AECB31A2DDB18007FD67A /* libGoogleAnalyticsServices.a */; };
		090AECB61A2DDB59007FD67A /* SystemConfiguration.framework in Frameworks */ = {isa = PBXBuildFile; fileRef = 090AECB51A2DDB59007FD67A /* SystemConfiguration.framework */; };
		090AECB81A2DDB6B007FD67A /* libz.dylib in Frameworks */ = {isa = PBXBuildFile; fileRef = 090AECB71A2DDB6B007FD67A /* libz.dylib */; };
		090AECBA1A2DE1A4007FD67A /* sync_icon.png in Resources */ = {isa = PBXBuildFile; fileRef = 090AECB91A2DE1A4007FD67A /* sync_icon.png */; };
		090AECBC1A2DE350007FD67A /* web_icon.png in Resources */ = {isa = PBXBuildFile; fileRef = 090AECBB1A2DE350007FD67A /* web_icon.png */; };
		093082561A25E0EC0013502E /* AppDelegate.m in Sources */ = {isa = PBXBuildFile; fileRef = 093082551A25E0EC0013502E /* AppDelegate.m */; };
		093082601A25E0FB0013502E /* CardsViewController.m in Sources */ = {isa = PBXBuildFile; fileRef = 093082591A25E0FB0013502E /* CardsViewController.m */; };
		093082611A25E0FB0013502E /* HelpPageViewController.m in Sources */ = {isa = PBXBuildFile; fileRef = 0930825B1A25E0FB0013502E /* HelpPageViewController.m */; };
		093082621A25E0FB0013502E /* HelpViewController.m in Sources */ = {isa = PBXBuildFile; fileRef = 0930825D1A25E0FB0013502E /* HelpViewController.m */; };
		093082631A25E0FB0013502E /* ProjectListViewController.m in Sources */ = {isa = PBXBuildFile; fileRef = 0930825F1A25E0FB0013502E /* ProjectListViewController.m */; };
		093082691A25E1170013502E /* Card.m in Sources */ = {isa = PBXBuildFile; fileRef = 093082661A25E1170013502E /* Card.m */; };
		0930826A1A25E1170013502E /* Project.m in Sources */ = {isa = PBXBuildFile; fileRef = 093082681A25E1170013502E /* Project.m */; };
		093082801A25E14C0013502E /* GCArraySectionController.m in Sources */ = {isa = PBXBuildFile; fileRef = 0930826E1A25E14C0013502E /* GCArraySectionController.m */; };
		093082811A25E14C0013502E /* GCRetractableSectionController.m in Sources */ = {isa = PBXBuildFile; fileRef = 093082711A25E14C0013502E /* GCRetractableSectionController.m */; };
		093082821A25E14C0013502E /* DownAccessory.png in Resources */ = {isa = PBXBuildFile; fileRef = 093082731A25E14C0013502E /* DownAccessory.png */; };
		093082831A25E14C0013502E /* DownAccessory@2x.png in Resources */ = {isa = PBXBuildFile; fileRef = 093082741A25E14C0013502E /* DownAccessory@2x.png */; };
		093082841A25E14C0013502E /* DownAccessoryWhite.png in Resources */ = {isa = PBXBuildFile; fileRef = 093082751A25E14C0013502E /* DownAccessoryWhite.png */; };
		093082851A25E14C0013502E /* DownAccessoryWhite@2x.png in Resources */ = {isa = PBXBuildFile; fileRef = 093082761A25E14C0013502E /* DownAccessoryWhite@2x.png */; };
		093082861A25E14C0013502E /* UpAccessory.png in Resources */ = {isa = PBXBuildFile; fileRef = 093082771A25E14C0013502E /* UpAccessory.png */; };
		093082871A25E14C0013502E /* UpAccessory@2x.png in Resources */ = {isa = PBXBuildFile; fileRef = 093082781A25E14C0013502E /* UpAccessory@2x.png */; };
		093082881A25E14C0013502E /* UpAccessoryWhite.png in Resources */ = {isa = PBXBuildFile; fileRef = 093082791A25E14C0013502E /* UpAccessoryWhite.png */; };
		093082891A25E14C0013502E /* UpAccessoryWhite@2x.png in Resources */ = {isa = PBXBuildFile; fileRef = 0930827A1A25E14C0013502E /* UpAccessoryWhite@2x.png */; };
		0930828A1A25E14C0013502E /* libFilmSync.a in Frameworks */ = {isa = PBXBuildFile; fileRef = 0930827F1A25E14C0013502E /* libFilmSync.a */; };
		093082BE1A25E15F0013502E /* BackgroundImage.jpg in Resources */ = {isa = PBXBuildFile; fileRef = 0930828F1A25E15F0013502E /* BackgroundImage.jpg */; };
		093082BF1A25E15F0013502E /* BackgroundImage@2x.jpg in Resources */ = {isa = PBXBuildFile; fileRef = 093082901A25E15F0013502E /* BackgroundImage@2x.jpg */; };
		093082C01A25E15F0013502E /* BackgroundImage@3x.jpg in Resources */ = {isa = PBXBuildFile; fileRef = 093082911A25E15F0013502E /* BackgroundImage@3x.jpg */; };
		093082C11A25E15F0013502E /* tabIcon_Help.png in Resources */ = {isa = PBXBuildFile; fileRef = 093082931A25E15F0013502E /* tabIcon_Help.png */; };
		093082C21A25E15F0013502E /* tabIcon_Help@2x.png in Resources */ = {isa = PBXBuildFile; fileRef = 093082941A25E15F0013502E /* tabIcon_Help@2x.png */; };
		093082C31A25E15F0013502E /* tabIcon_Help@3x.png in Resources */ = {isa = PBXBuildFile; fileRef = 093082951A25E15F0013502E /* tabIcon_Help@3x.png */; };
		093082C41A25E15F0013502E /* tabIcon_Help_Selected.png in Resources */ = {isa = PBXBuildFile; fileRef = 093082961A25E15F0013502E /* tabIcon_Help_Selected.png */; };
		093082C51A25E15F0013502E /* tabIcon_Help_Selected@2x.png in Resources */ = {isa = PBXBuildFile; fileRef = 093082971A25E15F0013502E /* tabIcon_Help_Selected@2x.png */; };
		093082C61A25E15F0013502E /* tabIcon_Help_Selected@3x.png in Resources */ = {isa = PBXBuildFile; fileRef = 093082981A25E15F0013502E /* tabIcon_Help_Selected@3x.png */; };
		093082C71A25E15F0013502E /* tabIcon_ProjectList.png in Resources */ = {isa = PBXBuildFile; fileRef = 093082991A25E15F0013502E /* tabIcon_ProjectList.png */; };
		093082C81A25E15F0013502E /* tabIcon_ProjectList@2x.png in Resources */ = {isa = PBXBuildFile; fileRef = 0930829A1A25E15F0013502E /* tabIcon_ProjectList@2x.png */; };
		093082C91A25E15F0013502E /* tabIcon_ProjectList@3x.png in Resources */ = {isa = PBXBuildFile; fileRef = 0930829B1A25E15F0013502E /* tabIcon_ProjectList@3x.png */; };
		093082CA1A25E15F0013502E /* tabIcon_ProjectList_Selected.png in Resources */ = {isa = PBXBuildFile; fileRef = 0930829C1A25E15F0013502E /* tabIcon_ProjectList_Selected.png */; };
		093082CB1A25E15F0013502E /* tabIcon_ProjectList_Selected@2x.png in Resources */ = {isa = PBXBuildFile; fileRef = 0930829D1A25E15F0013502E /* tabIcon_ProjectList_Selected@2x.png */; };
		093082CC1A25E15F0013502E /* tabIcon_ProjectList_Selected@3x.png in Resources */ = {isa = PBXBuildFile; fileRef = 0930829E1A25E15F0013502E /* tabIcon_ProjectList_Selected@3x.png */; };
		093082CD1A25E15F0013502E /* tabIcon_Sync.png in Resources */ = {isa = PBXBuildFile; fileRef = 0930829F1A25E15F0013502E /* tabIcon_Sync.png */; };
		093082CE1A25E15F0013502E /* tabIcon_Sync@2x.png in Resources */ = {isa = PBXBuildFile; fileRef = 093082A01A25E15F0013502E /* tabIcon_Sync@2x.png */; };
		093082CF1A25E15F0013502E /* tabIcon_Sync@3x.png in Resources */ = {isa = PBXBuildFile; fileRef = 093082A11A25E15F0013502E /* tabIcon_Sync@3x.png */; };
		093082D01A25E15F0013502E /* tabIcon_Sync_Selected.png in Resources */ = {isa = PBXBuildFile; fileRef = 093082A21A25E15F0013502E /* tabIcon_Sync_Selected.png */; };
		093082D11A25E15F0013502E /* tabIcon_Sync_Selected@2x.png in Resources */ = {isa = PBXBuildFile; fileRef = 093082A31A25E15F0013502E /* tabIcon_Sync_Selected@2x.png */; };
		093082D21A25E15F0013502E /* tabIcon_Sync_Selected@3x.png in Resources */ = {isa = PBXBuildFile; fileRef = 093082A41A25E15F0013502E /* tabIcon_Sync_Selected@3x.png */; };
		093082D31A25E15F0013502E /* SS_0temp.png in Resources */ = {isa = PBXBuildFile; fileRef = 093082A71A25E15F0013502E /* SS_0temp.png */; };
		093082D41A25E15F0013502E /* SS_1temp.png in Resources */ = {isa = PBXBuildFile; fileRef = 093082A81A25E15F0013502E /* SS_1temp.png */; };
		093082D51A25E15F0013502E /* SS_2.png in Resources */ = {isa = PBXBuildFile; fileRef = 093082A91A25E15F0013502E /* SS_2.png */; };
		093082D61A25E15F0013502E /* SS_3.png in Resources */ = {isa = PBXBuildFile; fileRef = 093082AA1A25E15F0013502E /* SS_3.png */; };
		093082D71A25E15F0013502E /* tableCellSeparator.png in Resources */ = {isa = PBXBuildFile; fileRef = 093082AC1A25E15F0013502E /* tableCellSeparator.png */; };
		093082D81A25E15F0013502E /* tableCellSeparator@2x.png in Resources */ = {isa = PBXBuildFile; fileRef = 093082AD1A25E15F0013502E /* tableCellSeparator@2x.png */; };
		093082D91A25E15F0013502E /* SyncWave01.png in Resources */ = {isa = PBXBuildFile; fileRef = 093082B01A25E15F0013502E /* SyncWave01.png */; };
		093082DA1A25E15F0013502E /* SyncWave02.png in Resources */ = {isa = PBXBuildFile; fileRef = 093082B11A25E15F0013502E /* SyncWave02.png */; };
		093082DB1A25E15F0013502E /* SyncWave03.png in Resources */ = {isa = PBXBuildFile; fileRef = 093082B21A25E15F0013502E /* SyncWave03.png */; };
		093082DC1A25E15F0013502E /* SyncWave04.png in Resources */ = {isa = PBXBuildFile; fileRef = 093082B31A25E15F0013502E /* SyncWave04.png */; };
		093082DD1A25E15F0013502E /* SyncWave05.png in Resources */ = {isa = PBXBuildFile; fileRef = 093082B41A25E15F0013502E /* SyncWave05.png */; };
		093082DE1A25E15F0013502E /* SyncWave06.png in Resources */ = {isa = PBXBuildFile; fileRef = 093082B51A25E15F0013502E /* SyncWave06.png */; };
		093082DF1A25E15F0013502E /* SyncWave07.png in Resources */ = {isa = PBXBuildFile; fileRef = 093082B61A25E15F0013502E /* SyncWave07.png */; };
		093082E01A25E15F0013502E /* SyncWave08.png in Resources */ = {isa = PBXBuildFile; fileRef = 093082B71A25E15F0013502E /* SyncWave08.png */; };
		093082E11A25E15F0013502E /* SyncWave09.png in Resources */ = {isa = PBXBuildFile; fileRef = 093082B81A25E15F0013502E /* SyncWave09.png */; };
		093082E21A25E15F0013502E /* SyncWave10.png in Resources */ = {isa = PBXBuildFile; fileRef = 093082B91A25E15F0013502E /* SyncWave10.png */; };
		093082E31A25E15F0013502E /* SyncWave11.png in Resources */ = {isa = PBXBuildFile; fileRef = 093082BA1A25E15F0013502E /* SyncWave11.png */; };
		093082E41A25E15F0013502E /* SyncWave12.png in Resources */ = {isa = PBXBuildFile; fileRef = 093082BB1A25E15F0013502E /* SyncWave12.png */; };
		093082E51A25E15F0013502E /* tweetButton.png in Resources */ = {isa = PBXBuildFile; fileRef = 093082BC1A25E15F0013502E /* tweetButton.png */; };
		093082E61A25E15F0013502E /* tweetButton@2x.png in Resources */ = {isa = PBXBuildFile; fileRef = 093082BD1A25E15F0013502E /* tweetButton@2x.png */; };
		093082F01A25F34A0013502E /* Help_ProjectListScreen@2x.png in Resources */ = {isa = PBXBuildFile; fileRef = 093082EC1A25F34A0013502E /* Help_ProjectListScreen@2x.png */; };
		093082F21A25F34A0013502E /* Help_SyncScreen@2x.png in Resources */ = {isa = PBXBuildFile; fileRef = 093082EE1A25F34A0013502E /* Help_SyncScreen@2x.png */; };
		093082F51A25F3A30013502E /* Help_ProjectListScreen.png in Resources */ = {isa = PBXBuildFile; fileRef = 093082F31A25F3A30013502E /* Help_ProjectListScreen.png */; };
		093082F61A25F3A30013502E /* Help_SyncScreen.png in Resources */ = {isa = PBXBuildFile; fileRef = 093082F41A25F3A30013502E /* Help_SyncScreen.png */; };
		09829BE81A2883F60043C8C2 /* SS_4.png in Resources */ = {isa = PBXBuildFile; fileRef = 09829BE71A2883F60043C8C2 /* SS_4.png */; };
		0996B1811A2C63BF008FF765 /* SS_0.png in Resources */ = {isa = PBXBuildFile; fileRef = 0996B1801A2C63BF008FF765 /* SS_0.png */; };
		0996B1831A2C6E11008FF765 /* SS_1.png in Resources */ = {isa = PBXBuildFile; fileRef = 0996B1821A2C6E11008FF765 /* SS_1.png */; };
		09A18E7719C3175F00DFFD62 /* Foundation.framework in Frameworks */ = {isa = PBXBuildFile; fileRef = 09A18E7619C3175F00DFFD62 /* Foundation.framework */; };
		09A18E7919C3175F00DFFD62 /* CoreGraphics.framework in Frameworks */ = {isa = PBXBuildFile; fileRef = 09A18E7819C3175F00DFFD62 /* CoreGraphics.framework */; };
		09A18E7B19C3175F00DFFD62 /* UIKit.framework in Frameworks */ = {isa = PBXBuildFile; fileRef = 09A18E7A19C3175F00DFFD62 /* UIKit.framework */; };
		09A18E8119C3175F00DFFD62 /* InfoPlist.strings in Resources */ = {isa = PBXBuildFile; fileRef = 09A18E7F19C3175F00DFFD62 /* InfoPlist.strings */; };
		09A18E8319C3175F00DFFD62 /* main.m in Sources */ = {isa = PBXBuildFile; fileRef = 09A18E8219C3175F00DFFD62 /* main.m */; };
		09A18E8A19C3175F00DFFD62 /* Main_iPhone.storyboard in Resources */ = {isa = PBXBuildFile; fileRef = 09A18E8819C3175F00DFFD62 /* Main_iPhone.storyboard */; };
		09A18E9219C3175F00DFFD62 /* Images.xcassets in Resources */ = {isa = PBXBuildFile; fileRef = 09A18E9119C3175F00DFFD62 /* Images.xcassets */; };
		09A18E9A19C3175F00DFFD62 /* Foundation.framework in Frameworks */ = {isa = PBXBuildFile; fileRef = 09A18E7619C3175F00DFFD62 /* Foundation.framework */; };
		09A18E9B19C3175F00DFFD62 /* UIKit.framework in Frameworks */ = {isa = PBXBuildFile; fileRef = 09A18E7A19C3175F00DFFD62 /* UIKit.framework */; };
		09A18EA319C3175F00DFFD62 /* InfoPlist.strings in Resources */ = {isa = PBXBuildFile; fileRef = 09A18EA119C3175F00DFFD62 /* InfoPlist.strings */; };
		09A18EA519C3175F00DFFD62 /* FilmSyncDemoTests.m in Sources */ = {isa = PBXBuildFile; fileRef = 09A18EA419C3175F00DFFD62 /* FilmSyncDemoTests.m */; };
		09A18ED419C3185A00DFFD62 /* Accelerate.framework in Frameworks */ = {isa = PBXBuildFile; fileRef = 09A18ECF19C3185A00DFFD62 /* Accelerate.framework */; };
		09A18ED519C3185A00DFFD62 /* AudioToolbox.framework in Frameworks */ = {isa = PBXBuildFile; fileRef = 09A18ED019C3185A00DFFD62 /* AudioToolbox.framework */; };
		09A18ED619C3185A00DFFD62 /* AVFoundation.framework in Frameworks */ = {isa = PBXBuildFile; fileRef = 09A18ED119C3185A00DFFD62 /* AVFoundation.framework */; };
		09A18ED719C3185A00DFFD62 /* CoreAudio.framework in Frameworks */ = {isa = PBXBuildFile; fileRef = 09A18ED219C3185A00DFFD62 /* CoreAudio.framework */; };
		09A18ED819C3185A00DFFD62 /* CoreFoundation.framework in Frameworks */ = {isa = PBXBuildFile; fileRef = 09A18ED319C3185A00DFFD62 /* CoreFoundation.framework */; };
		09A18EDD19C3214900DFFD62 /* libc++.dylib in Frameworks */ = {isa = PBXBuildFile; fileRef = 09A18EDC19C3214900DFFD62 /* libc++.dylib */; };
		09B17BFA19F5422D0026E06D /* CoreData.m in Sources */ = {isa = PBXBuildFile; fileRef = 09B17BF619F5422D0026E06D /* CoreData.m */; };
		09B17BFB19F5422D0026E06D /* CoreDataAdditions.m in Sources */ = {isa = PBXBuildFile; fileRef = 09B17BF819F5422D0026E06D /* CoreDataAdditions.m */; };
		09B17BFE19F542E60026E06D /* FilmSyncModel.xcdatamodeld in Sources */ = {isa = PBXBuildFile; fileRef = 09B17BFC19F542E60026E06D /* FilmSyncModel.xcdatamodeld */; };
/* End PBXBuildFile section */

/* Begin PBXContainerItemProxy section */
		09A18E9C19C3175F00DFFD62 /* PBXContainerItemProxy */ = {
			isa = PBXContainerItemProxy;
			containerPortal = 09A18E6B19C3175F00DFFD62 /* Project object */;
			proxyType = 1;
			remoteGlobalIDString = 09A18E7219C3175F00DFFD62;
			remoteInfo = FilmSyncDemo;
		};
/* End PBXContainerItemProxy section */

/* Begin PBXFileReference section */
		090AECA21A2DA0CE007FD67A /* HelpScreenPageList.plist */ = {isa = PBXFileReference; fileEncoding = 4; lastKnownFileType = text.plist.xml; path = HelpScreenPageList.plist; sourceTree = "<group>"; };
		090AECA41A2DB966007FD67A /* help_icon.png */ = {isa = PBXFileReference; lastKnownFileType = image.png; path = help_icon.png; sourceTree = "<group>"; };
		090AECA51A2DB966007FD67A /* list_icon.png */ = {isa = PBXFileReference; lastKnownFileType = image.png; path = list_icon.png; sourceTree = "<group>"; };
		090AECAD1A2DDB18007FD67A /* GAI.h */ = {isa = PBXFileReference; fileEncoding = 4; lastKnownFileType = sourcecode.c.h; path = GAI.h; sourceTree = "<group>"; };
		090AECAE1A2DDB18007FD67A /* GAIDictionaryBuilder.h */ = {isa = PBXFileReference; fileEncoding = 4; lastKnownFileType = sourcecode.c.h; path = GAIDictionaryBuilder.h; sourceTree = "<group>"; };
		090AECAF1A2DDB18007FD67A /* GAIFields.h */ = {isa = PBXFileReference; fileEncoding = 4; lastKnownFileType = sourcecode.c.h; path = GAIFields.h; sourceTree = "<group>"; };
		090AECB01A2DDB18007FD67A /* GAILogger.h */ = {isa = PBXFileReference; fileEncoding = 4; lastKnownFileType = sourcecode.c.h; path = GAILogger.h; sourceTree = "<group>"; };
		090AECB11A2DDB18007FD67A /* GAITrackedViewController.h */ = {isa = PBXFileReference; fileEncoding = 4; lastKnownFileType = sourcecode.c.h; path = GAITrackedViewController.h; sourceTree = "<group>"; };
		090AECB21A2DDB18007FD67A /* GAITracker.h */ = {isa = PBXFileReference; fileEncoding = 4; lastKnownFileType = sourcecode.c.h; path = GAITracker.h; sourceTree = "<group>"; };
		090AECB31A2DDB18007FD67A /* libGoogleAnalyticsServices.a */ = {isa = PBXFileReference; lastKnownFileType = archive.ar; path = libGoogleAnalyticsServices.a; sourceTree = "<group>"; };
		090AECB51A2DDB59007FD67A /* SystemConfiguration.framework */ = {isa = PBXFileReference; lastKnownFileType = wrapper.framework; name = SystemConfiguration.framework; path = System/Library/Frameworks/SystemConfiguration.framework; sourceTree = SDKROOT; };
		090AECB71A2DDB6B007FD67A /* libz.dylib */ = {isa = PBXFileReference; lastKnownFileType = "compiled.mach-o.dylib"; name = libz.dylib; path = usr/lib/libz.dylib; sourceTree = SDKROOT; };
		090AECB91A2DE1A4007FD67A /* sync_icon.png */ = {isa = PBXFileReference; lastKnownFileType = image.png; path = sync_icon.png; sourceTree = "<group>"; };
		090AECBB1A2DE350007FD67A /* web_icon.png */ = {isa = PBXFileReference; lastKnownFileType = image.png; path = web_icon.png; sourceTree = "<group>"; };
		093082541A25E0EC0013502E /* AppDelegate.h */ = {isa = PBXFileReference; fileEncoding = 4; lastKnownFileType = sourcecode.c.h; path = AppDelegate.h; sourceTree = "<group>"; };
		093082551A25E0EC0013502E /* AppDelegate.m */ = {isa = PBXFileReference; fileEncoding = 4; lastKnownFileType = sourcecode.c.objc; path = AppDelegate.m; sourceTree = "<group>"; };
		093082581A25E0FB0013502E /* CardsViewController.h */ = {isa = PBXFileReference; fileEncoding = 4; lastKnownFileType = sourcecode.c.h; path = CardsViewController.h; sourceTree = "<group>"; };
		093082591A25E0FB0013502E /* CardsViewController.m */ = {isa = PBXFileReference; fileEncoding = 4; lastKnownFileType = sourcecode.c.objc; path = CardsViewController.m; sourceTree = "<group>"; };
		0930825A1A25E0FB0013502E /* HelpPageViewController.h */ = {isa = PBXFileReference; fileEncoding = 4; lastKnownFileType = sourcecode.c.h; path = HelpPageViewController.h; sourceTree = "<group>"; };
		0930825B1A25E0FB0013502E /* HelpPageViewController.m */ = {isa = PBXFileReference; fileEncoding = 4; lastKnownFileType = sourcecode.c.objc; path = HelpPageViewController.m; sourceTree = "<group>"; };
		0930825C1A25E0FB0013502E /* HelpViewController.h */ = {isa = PBXFileReference; fileEncoding = 4; lastKnownFileType = sourcecode.c.h; path = HelpViewController.h; sourceTree = "<group>"; };
		0930825D1A25E0FB0013502E /* HelpViewController.m */ = {isa = PBXFileReference; fileEncoding = 4; lastKnownFileType = sourcecode.c.objc; path = HelpViewController.m; sourceTree = "<group>"; };
		0930825E1A25E0FB0013502E /* ProjectListViewController.h */ = {isa = PBXFileReference; fileEncoding = 4; lastKnownFileType = sourcecode.c.h; path = ProjectListViewController.h; sourceTree = "<group>"; };
		0930825F1A25E0FB0013502E /* ProjectListViewController.m */ = {isa = PBXFileReference; fileEncoding = 4; lastKnownFileType = sourcecode.c.objc; path = ProjectListViewController.m; sourceTree = "<group>"; };
		093082651A25E1170013502E /* Card.h */ = {isa = PBXFileReference; fileEncoding = 4; lastKnownFileType = sourcecode.c.h; path = Card.h; sourceTree = "<group>"; };
		093082661A25E1170013502E /* Card.m */ = {isa = PBXFileReference; fileEncoding = 4; lastKnownFileType = sourcecode.c.objc; path = Card.m; sourceTree = "<group>"; };
		093082671A25E1170013502E /* Project.h */ = {isa = PBXFileReference; fileEncoding = 4; lastKnownFileType = sourcecode.c.h; path = Project.h; sourceTree = "<group>"; };
		093082681A25E1170013502E /* Project.m */ = {isa = PBXFileReference; fileEncoding = 4; lastKnownFileType = sourcecode.c.objc; path = Project.m; sourceTree = "<group>"; };
		0930826D1A25E14C0013502E /* GCArraySectionController.h */ = {isa = PBXFileReference; fileEncoding = 4; lastKnownFileType = sourcecode.c.h; path = GCArraySectionController.h; sourceTree = "<group>"; };
		0930826E1A25E14C0013502E /* GCArraySectionController.m */ = {isa = PBXFileReference; fileEncoding = 4; lastKnownFileType = sourcecode.c.objc; path = GCArraySectionController.m; sourceTree = "<group>"; };
		093082701A25E14C0013502E /* GCRetractableSectionController.h */ = {isa = PBXFileReference; fileEncoding = 4; lastKnownFileType = sourcecode.c.h; path = GCRetractableSectionController.h; sourceTree = "<group>"; };
		093082711A25E14C0013502E /* GCRetractableSectionController.m */ = {isa = PBXFileReference; fileEncoding = 4; lastKnownFileType = sourcecode.c.objc; path = GCRetractableSectionController.m; sourceTree = "<group>"; };
		093082731A25E14C0013502E /* DownAccessory.png */ = {isa = PBXFileReference; lastKnownFileType = image.png; path = DownAccessory.png; sourceTree = "<group>"; };
		093082741A25E14C0013502E /* DownAccessory@2x.png */ = {isa = PBXFileReference; lastKnownFileType = image.png; path = "DownAccessory@2x.png"; sourceTree = "<group>"; };
		093082751A25E14C0013502E /* DownAccessoryWhite.png */ = {isa = PBXFileReference; lastKnownFileType = image.png; path = DownAccessoryWhite.png; sourceTree = "<group>"; };
		093082761A25E14C0013502E /* DownAccessoryWhite@2x.png */ = {isa = PBXFileReference; lastKnownFileType = image.png; path = "DownAccessoryWhite@2x.png"; sourceTree = "<group>"; };
		093082771A25E14C0013502E /* UpAccessory.png */ = {isa = PBXFileReference; lastKnownFileType = image.png; path = UpAccessory.png; sourceTree = "<group>"; };
		093082781A25E14C0013502E /* UpAccessory@2x.png */ = {isa = PBXFileReference; lastKnownFileType = image.png; path = "UpAccessory@2x.png"; sourceTree = "<group>"; };
		093082791A25E14C0013502E /* UpAccessoryWhite.png */ = {isa = PBXFileReference; lastKnownFileType = image.png; path = UpAccessoryWhite.png; sourceTree = "<group>"; };
		0930827A1A25E14C0013502E /* UpAccessoryWhite@2x.png */ = {isa = PBXFileReference; lastKnownFileType = image.png; path = "UpAccessoryWhite@2x.png"; sourceTree = "<group>"; };
		0930827E1A25E14C0013502E /* FilmSync.h */ = {isa = PBXFileReference; fileEncoding = 4; lastKnownFileType = sourcecode.c.h; path = FilmSync.h; sourceTree = "<group>"; };
		0930827F1A25E14C0013502E /* libFilmSync.a */ = {isa = PBXFileReference; lastKnownFileType = archive.ar; path = libFilmSync.a; sourceTree = "<group>"; };
		0930828F1A25E15F0013502E /* BackgroundImage.jpg */ = {isa = PBXFileReference; lastKnownFileType = image.jpeg; path = BackgroundImage.jpg; sourceTree = "<group>"; };
		093082901A25E15F0013502E /* BackgroundImage@2x.jpg */ = {isa = PBXFileReference; lastKnownFileType = image.jpeg; path = "BackgroundImage@2x.jpg"; sourceTree = "<group>"; };
		093082911A25E15F0013502E /* BackgroundImage@3x.jpg */ = {isa = PBXFileReference; lastKnownFileType = image.jpeg; path = "BackgroundImage@3x.jpg"; sourceTree = "<group>"; };
		093082931A25E15F0013502E /* tabIcon_Help.png */ = {isa = PBXFileReference; lastKnownFileType = image.png; path = tabIcon_Help.png; sourceTree = "<group>"; };
		093082941A25E15F0013502E /* tabIcon_Help@2x.png */ = {isa = PBXFileReference; lastKnownFileType = image.png; path = "tabIcon_Help@2x.png"; sourceTree = "<group>"; };
		093082951A25E15F0013502E /* tabIcon_Help@3x.png */ = {isa = PBXFileReference; lastKnownFileType = image.png; path = "tabIcon_Help@3x.png"; sourceTree = "<group>"; };
		093082961A25E15F0013502E /* tabIcon_Help_Selected.png */ = {isa = PBXFileReference; lastKnownFileType = image.png; path = tabIcon_Help_Selected.png; sourceTree = "<group>"; };
		093082971A25E15F0013502E /* tabIcon_Help_Selected@2x.png */ = {isa = PBXFileReference; lastKnownFileType = image.png; path = "tabIcon_Help_Selected@2x.png"; sourceTree = "<group>"; };
		093082981A25E15F0013502E /* tabIcon_Help_Selected@3x.png */ = {isa = PBXFileReference; lastKnownFileType = image.png; path = "tabIcon_Help_Selected@3x.png"; sourceTree = "<group>"; };
		093082991A25E15F0013502E /* tabIcon_ProjectList.png */ = {isa = PBXFileReference; lastKnownFileType = image.png; path = tabIcon_ProjectList.png; sourceTree = "<group>"; };
		0930829A1A25E15F0013502E /* tabIcon_ProjectList@2x.png */ = {isa = PBXFileReference; lastKnownFileType = image.png; path = "tabIcon_ProjectList@2x.png"; sourceTree = "<group>"; };
		0930829B1A25E15F0013502E /* tabIcon_ProjectList@3x.png */ = {isa = PBXFileReference; lastKnownFileType = image.png; path = "tabIcon_ProjectList@3x.png"; sourceTree = "<group>"; };
		0930829C1A25E15F0013502E /* tabIcon_ProjectList_Selected.png */ = {isa = PBXFileReference; lastKnownFileType = image.png; path = tabIcon_ProjectList_Selected.png; sourceTree = "<group>"; };
		0930829D1A25E15F0013502E /* tabIcon_ProjectList_Selected@2x.png */ = {isa = PBXFileReference; lastKnownFileType = image.png; path = "tabIcon_ProjectList_Selected@2x.png"; sourceTree = "<group>"; };
		0930829E1A25E15F0013502E /* tabIcon_ProjectList_Selected@3x.png */ = {isa = PBXFileReference; lastKnownFileType = image.png; path = "tabIcon_ProjectList_Selected@3x.png"; sourceTree = "<group>"; };
		0930829F1A25E15F0013502E /* tabIcon_Sync.png */ = {isa = PBXFileReference; lastKnownFileType = image.png; path = tabIcon_Sync.png; sourceTree = "<group>"; };
		093082A01A25E15F0013502E /* tabIcon_Sync@2x.png */ = {isa = PBXFileReference; lastKnownFileType = image.png; path = "tabIcon_Sync@2x.png"; sourceTree = "<group>"; };
		093082A11A25E15F0013502E /* tabIcon_Sync@3x.png */ = {isa = PBXFileReference; lastKnownFileType = image.png; path = "tabIcon_Sync@3x.png"; sourceTree = "<group>"; };
		093082A21A25E15F0013502E /* tabIcon_Sync_Selected.png */ = {isa = PBXFileReference; lastKnownFileType = image.png; path = tabIcon_Sync_Selected.png; sourceTree = "<group>"; };
		093082A31A25E15F0013502E /* tabIcon_Sync_Selected@2x.png */ = {isa = PBXFileReference; lastKnownFileType = image.png; path = "tabIcon_Sync_Selected@2x.png"; sourceTree = "<group>"; };
		093082A41A25E15F0013502E /* tabIcon_Sync_Selected@3x.png */ = {isa = PBXFileReference; lastKnownFileType = image.png; path = "tabIcon_Sync_Selected@3x.png"; sourceTree = "<group>"; };
		093082A71A25E15F0013502E /* SS_0temp.png */ = {isa = PBXFileReference; lastKnownFileType = image.png; path = SS_0temp.png; sourceTree = "<group>"; };
		093082A81A25E15F0013502E /* SS_1temp.png */ = {isa = PBXFileReference; lastKnownFileType = image.png; path = SS_1temp.png; sourceTree = "<group>"; };
		093082A91A25E15F0013502E /* SS_2.png */ = {isa = PBXFileReference; lastKnownFileType = image.png; path = SS_2.png; sourceTree = "<group>"; };
		093082AA1A25E15F0013502E /* SS_3.png */ = {isa = PBXFileReference; lastKnownFileType = image.png; path = SS_3.png; sourceTree = "<group>"; };
		093082AC1A25E15F0013502E /* tableCellSeparator.png */ = {isa = PBXFileReference; lastKnownFileType = image.png; path = tableCellSeparator.png; sourceTree = "<group>"; };
		093082AD1A25E15F0013502E /* tableCellSeparator@2x.png */ = {isa = PBXFileReference; lastKnownFileType = image.png; path = "tableCellSeparator@2x.png"; sourceTree = "<group>"; };
		093082B01A25E15F0013502E /* SyncWave01.png */ = {isa = PBXFileReference; lastKnownFileType = image.png; path = SyncWave01.png; sourceTree = "<group>"; };
		093082B11A25E15F0013502E /* SyncWave02.png */ = {isa = PBXFileReference; lastKnownFileType = image.png; path = SyncWave02.png; sourceTree = "<group>"; };
		093082B21A25E15F0013502E /* SyncWave03.png */ = {isa = PBXFileReference; lastKnownFileType = image.png; path = SyncWave03.png; sourceTree = "<group>"; };
		093082B31A25E15F0013502E /* SyncWave04.png */ = {isa = PBXFileReference; lastKnownFileType = image.png; path = SyncWave04.png; sourceTree = "<group>"; };
		093082B41A25E15F0013502E /* SyncWave05.png */ = {isa = PBXFileReference; lastKnownFileType = image.png; path = SyncWave05.png; sourceTree = "<group>"; };
		093082B51A25E15F0013502E /* SyncWave06.png */ = {isa = PBXFileReference; lastKnownFileType = image.png; path = SyncWave06.png; sourceTree = "<group>"; };
		093082B61A25E15F0013502E /* SyncWave07.png */ = {isa = PBXFileReference; lastKnownFileType = image.png; path = SyncWave07.png; sourceTree = "<group>"; };
		093082B71A25E15F0013502E /* SyncWave08.png */ = {isa = PBXFileReference; lastKnownFileType = image.png; path = SyncWave08.png; sourceTree = "<group>"; };
		093082B81A25E15F0013502E /* SyncWave09.png */ = {isa = PBXFileReference; lastKnownFileType = image.png; path = SyncWave09.png; sourceTree = "<group>"; };
		093082B91A25E15F0013502E /* SyncWave10.png */ = {isa = PBXFileReference; lastKnownFileType = image.png; path = SyncWave10.png; sourceTree = "<group>"; };
		093082BA1A25E15F0013502E /* SyncWave11.png */ = {isa = PBXFileReference; lastKnownFileType = image.png; path = SyncWave11.png; sourceTree = "<group>"; };
		093082BB1A25E15F0013502E /* SyncWave12.png */ = {isa = PBXFileReference; lastKnownFileType = image.png; path = SyncWave12.png; sourceTree = "<group>"; };
		093082BC1A25E15F0013502E /* tweetButton.png */ = {isa = PBXFileReference; lastKnownFileType = image.png; path = tweetButton.png; sourceTree = "<group>"; };
		093082BD1A25E15F0013502E /* tweetButton@2x.png */ = {isa = PBXFileReference; lastKnownFileType = image.png; path = "tweetButton@2x.png"; sourceTree = "<group>"; };
		093082EC1A25F34A0013502E /* Help_ProjectListScreen@2x.png */ = {isa = PBXFileReference; lastKnownFileType = image.png; path = "Help_ProjectListScreen@2x.png"; sourceTree = "<group>"; };
		093082EE1A25F34A0013502E /* Help_SyncScreen@2x.png */ = {isa = PBXFileReference; lastKnownFileType = image.png; path = "Help_SyncScreen@2x.png"; sourceTree = "<group>"; };
		093082F31A25F3A30013502E /* Help_ProjectListScreen.png */ = {isa = PBXFileReference; lastKnownFileType = image.png; path = Help_ProjectListScreen.png; sourceTree = "<group>"; };
		093082F41A25F3A30013502E /* Help_SyncScreen.png */ = {isa = PBXFileReference; lastKnownFileType = image.png; path = Help_SyncScreen.png; sourceTree = "<group>"; };
		09829BE71A2883F60043C8C2 /* SS_4.png */ = {isa = PBXFileReference; lastKnownFileType = image.png; path = SS_4.png; sourceTree = "<group>"; };
		0996B1801A2C63BF008FF765 /* SS_0.png */ = {isa = PBXFileReference; lastKnownFileType = image.png; path = SS_0.png; sourceTree = "<group>"; };
		0996B1821A2C6E11008FF765 /* SS_1.png */ = {isa = PBXFileReference; lastKnownFileType = image.png; path = SS_1.png; sourceTree = "<group>"; };
		09A18E7319C3175F00DFFD62 /* FilmSyncDemo.app */ = {isa = PBXFileReference; explicitFileType = wrapper.application; includeInIndex = 0; path = FilmSyncDemo.app; sourceTree = BUILT_PRODUCTS_DIR; };
		09A18E7619C3175F00DFFD62 /* Foundation.framework */ = {isa = PBXFileReference; lastKnownFileType = wrapper.framework; name = Foundation.framework; path = System/Library/Frameworks/Foundation.framework; sourceTree = SDKROOT; };
		09A18E7819C3175F00DFFD62 /* CoreGraphics.framework */ = {isa = PBXFileReference; lastKnownFileType = wrapper.framework; name = CoreGraphics.framework; path = System/Library/Frameworks/CoreGraphics.framework; sourceTree = SDKROOT; };
		09A18E7A19C3175F00DFFD62 /* UIKit.framework */ = {isa = PBXFileReference; lastKnownFileType = wrapper.framework; name = UIKit.framework; path = System/Library/Frameworks/UIKit.framework; sourceTree = SDKROOT; };
		09A18E7E19C3175F00DFFD62 /* FilmSyncDemo-Info.plist */ = {isa = PBXFileReference; lastKnownFileType = text.plist.xml; path = "FilmSyncDemo-Info.plist"; sourceTree = "<group>"; };
		09A18E8019C3175F00DFFD62 /* en */ = {isa = PBXFileReference; lastKnownFileType = text.plist.strings; name = en; path = en.lproj/InfoPlist.strings; sourceTree = "<group>"; };
		09A18E8219C3175F00DFFD62 /* main.m */ = {isa = PBXFileReference; lastKnownFileType = sourcecode.c.objc; path = main.m; sourceTree = "<group>"; };
		09A18E8419C3175F00DFFD62 /* FilmSyncDemo-Prefix.pch */ = {isa = PBXFileReference; lastKnownFileType = sourcecode.c.h; path = "FilmSyncDemo-Prefix.pch"; sourceTree = "<group>"; };
		09A18E8919C3175F00DFFD62 /* Base */ = {isa = PBXFileReference; lastKnownFileType = file.storyboard; name = Base; path = Base.lproj/Main_iPhone.storyboard; sourceTree = "<group>"; };
		09A18E9119C3175F00DFFD62 /* Images.xcassets */ = {isa = PBXFileReference; lastKnownFileType = folder.assetcatalog; name = Images.xcassets; path = FilmSyncDemo/Images.xcassets; sourceTree = "<group>"; };
		09A18E9719C3175F00DFFD62 /* FilmSyncDemoTests.xctest */ = {isa = PBXFileReference; explicitFileType = wrapper.cfbundle; includeInIndex = 0; path = FilmSyncDemoTests.xctest; sourceTree = BUILT_PRODUCTS_DIR; };
		09A18EA019C3175F00DFFD62 /* FilmSyncDemoTests-Info.plist */ = {isa = PBXFileReference; lastKnownFileType = text.plist.xml; path = "FilmSyncDemoTests-Info.plist"; sourceTree = "<group>"; };
		09A18EA219C3175F00DFFD62 /* en */ = {isa = PBXFileReference; lastKnownFileType = text.plist.strings; name = en; path = en.lproj/InfoPlist.strings; sourceTree = "<group>"; };
		09A18EA419C3175F00DFFD62 /* FilmSyncDemoTests.m */ = {isa = PBXFileReference; lastKnownFileType = sourcecode.c.objc; path = FilmSyncDemoTests.m; sourceTree = "<group>"; };
		09A18ECF19C3185A00DFFD62 /* Accelerate.framework */ = {isa = PBXFileReference; lastKnownFileType = wrapper.framework; name = Accelerate.framework; path = System/Library/Frameworks/Accelerate.framework; sourceTree = SDKROOT; };
		09A18ED019C3185A00DFFD62 /* AudioToolbox.framework */ = {isa = PBXFileReference; lastKnownFileType = wrapper.framework; name = AudioToolbox.framework; path = System/Library/Frameworks/AudioToolbox.framework; sourceTree = SDKROOT; };
		09A18ED119C3185A00DFFD62 /* AVFoundation.framework */ = {isa = PBXFileReference; lastKnownFileType = wrapper.framework; name = AVFoundation.framework; path = System/Library/Frameworks/AVFoundation.framework; sourceTree = SDKROOT; };
		09A18ED219C3185A00DFFD62 /* CoreAudio.framework */ = {isa = PBXFileReference; lastKnownFileType = wrapper.framework; name = CoreAudio.framework; path = System/Library/Frameworks/CoreAudio.framework; sourceTree = SDKROOT; };
		09A18ED319C3185A00DFFD62 /* CoreFoundation.framework */ = {isa = PBXFileReference; lastKnownFileType = wrapper.framework; name = CoreFoundation.framework; path = System/Library/Frameworks/CoreFoundation.framework; sourceTree = SDKROOT; };
		09A18EDC19C3214900DFFD62 /* libc++.dylib */ = {isa = PBXFileReference; lastKnownFileType = "compiled.mach-o.dylib"; name = "libc++.dylib"; path = "usr/lib/libc++.dylib"; sourceTree = SDKROOT; };
		09AFB45B1A14CF3F00DE3E37 /* Constants.h */ = {isa = PBXFileReference; fileEncoding = 4; lastKnownFileType = sourcecode.c.h; path = Constants.h; sourceTree = "<group>"; };
		09B17BF519F5422D0026E06D /* CoreData.h */ = {isa = PBXFileReference; fileEncoding = 4; lastKnownFileType = sourcecode.c.h; path = CoreData.h; sourceTree = "<group>"; };
		09B17BF619F5422D0026E06D /* CoreData.m */ = {isa = PBXFileReference; fileEncoding = 4; lastKnownFileType = sourcecode.c.objc; path = CoreData.m; sourceTree = "<group>"; };
		09B17BF719F5422D0026E06D /* CoreDataAdditions.h */ = {isa = PBXFileReference; fileEncoding = 4; lastKnownFileType = sourcecode.c.h; path = CoreDataAdditions.h; sourceTree = "<group>"; };
		09B17BF819F5422D0026E06D /* CoreDataAdditions.m */ = {isa = PBXFileReference; fileEncoding = 4; lastKnownFileType = sourcecode.c.objc; path = CoreDataAdditions.m; sourceTree = "<group>"; };
		09B17BFD19F542E60026E06D /* FilmSyncModel.xcdatamodel */ = {isa = PBXFileReference; lastKnownFileType = wrapper.xcdatamodel; path = FilmSyncModel.xcdatamodel; sourceTree = "<group>"; };
/* End PBXFileReference section */

/* Begin PBXFrameworksBuildPhase section */
		09A18E7019C3175F00DFFD62 /* Frameworks */ = {
			isa = PBXFrameworksBuildPhase;
			buildActionMask = 2147483647;
			files = (
				090AECB81A2DDB6B007FD67A /* libz.dylib in Frameworks */,
				090AECB61A2DDB59007FD67A /* SystemConfiguration.framework in Frameworks */,
				09A18EDD19C3214900DFFD62 /* libc++.dylib in Frameworks */,
				09A18ED419C3185A00DFFD62 /* Accelerate.framework in Frameworks */,
				09A18ED519C3185A00DFFD62 /* AudioToolbox.framework in Frameworks */,
				09A18ED619C3185A00DFFD62 /* AVFoundation.framework in Frameworks */,
				09A18ED719C3185A00DFFD62 /* CoreAudio.framework in Frameworks */,
				09A18ED819C3185A00DFFD62 /* CoreFoundation.framework in Frameworks */,
				09A18E7919C3175F00DFFD62 /* CoreGraphics.framework in Frameworks */,
				09A18E7B19C3175F00DFFD62 /* UIKit.framework in Frameworks */,
				090AECB41A2DDB18007FD67A /* libGoogleAnalyticsServices.a in Frameworks */,
				0930828A1A25E14C0013502E /* libFilmSync.a in Frameworks */,
				09A18E7719C3175F00DFFD62 /* Foundation.framework in Frameworks */,
			);
			runOnlyForDeploymentPostprocessing = 0;
		};
		09A18E9419C3175F00DFFD62 /* Frameworks */ = {
			isa = PBXFrameworksBuildPhase;
			buildActionMask = 2147483647;
			files = (
				09A18E9B19C3175F00DFFD62 /* UIKit.framework in Frameworks */,
				09A18E9A19C3175F00DFFD62 /* Foundation.framework in Frameworks */,
			);
			runOnlyForDeploymentPostprocessing = 0;
		};
/* End PBXFrameworksBuildPhase section */

/* Begin PBXGroup section */
		090AECAC1A2DDB18007FD67A /* GoogleAnalytics */ = {
			isa = PBXGroup;
			children = (
				090AECAD1A2DDB18007FD67A /* GAI.h */,
				090AECAE1A2DDB18007FD67A /* GAIDictionaryBuilder.h */,
				090AECAF1A2DDB18007FD67A /* GAIFields.h */,
				090AECB01A2DDB18007FD67A /* GAILogger.h */,
				090AECB11A2DDB18007FD67A /* GAITrackedViewController.h */,
				090AECB21A2DDB18007FD67A /* GAITracker.h */,
				090AECB31A2DDB18007FD67A /* libGoogleAnalyticsServices.a */,
			);
			path = GoogleAnalytics;
			sourceTree = "<group>";
		};
		093082531A25E0EC0013502E /* Delegate */ = {
			isa = PBXGroup;
			children = (
				093082541A25E0EC0013502E /* AppDelegate.h */,
				093082551A25E0EC0013502E /* AppDelegate.m */,
			);
			path = Delegate;
			sourceTree = "<group>";
		};
		093082571A25E0FB0013502E /* Controllers */ = {
			isa = PBXGroup;
			children = (
				0930825E1A25E0FB0013502E /* ProjectListViewController.h */,
				0930825F1A25E0FB0013502E /* ProjectListViewController.m */,
				093082581A25E0FB0013502E /* CardsViewController.h */,
				093082591A25E0FB0013502E /* CardsViewController.m */,
				0930825C1A25E0FB0013502E /* HelpViewController.h */,
				0930825D1A25E0FB0013502E /* HelpViewController.m */,
				0930825A1A25E0FB0013502E /* HelpPageViewController.h */,
				0930825B1A25E0FB0013502E /* HelpPageViewController.m */,
			);
			path = Controllers;
			sourceTree = "<group>";
		};
		093082641A25E1170013502E /* Models */ = {
			isa = PBXGroup;
			children = (
				093082651A25E1170013502E /* Card.h */,
				093082661A25E1170013502E /* Card.m */,
				093082671A25E1170013502E /* Project.h */,
				093082681A25E1170013502E /* Project.m */,
			);
			path = Models;
			sourceTree = "<group>";
		};
		0930826B1A25E14C0013502E /* Libraries */ = {
			isa = PBXGroup;
			children = (
				0930827B1A25E14C0013502E /* FilmSyncLib */,
				0930826C1A25E14C0013502E /* ExpandingTable */,
				090AECAC1A2DDB18007FD67A /* GoogleAnalytics */,
			);
			path = Libraries;
			sourceTree = "<group>";
		};
		0930826C1A25E14C0013502E /* ExpandingTable */ = {
			isa = PBXGroup;
			children = (
				0930826D1A25E14C0013502E /* GCArraySectionController.h */,
				0930826E1A25E14C0013502E /* GCArraySectionController.m */,
				0930826F1A25E14C0013502E /* GCRetractableSectionController */,
			);
			path = ExpandingTable;
			sourceTree = "<group>";
		};
		0930826F1A25E14C0013502E /* GCRetractableSectionController */ = {
			isa = PBXGroup;
			children = (
				093082701A25E14C0013502E /* GCRetractableSectionController.h */,
				093082711A25E14C0013502E /* GCRetractableSectionController.m */,
				093082721A25E14C0013502E /* Images */,
			);
			path = GCRetractableSectionController;
			sourceTree = "<group>";
		};
		093082721A25E14C0013502E /* Images */ = {
			isa = PBXGroup;
			children = (
				093082731A25E14C0013502E /* DownAccessory.png */,
				093082741A25E14C0013502E /* DownAccessory@2x.png */,
				093082751A25E14C0013502E /* DownAccessoryWhite.png */,
				093082761A25E14C0013502E /* DownAccessoryWhite@2x.png */,
				093082771A25E14C0013502E /* UpAccessory.png */,
				093082781A25E14C0013502E /* UpAccessory@2x.png */,
				093082791A25E14C0013502E /* UpAccessoryWhite.png */,
				0930827A1A25E14C0013502E /* UpAccessoryWhite@2x.png */,
			);
			path = Images;
			sourceTree = "<group>";
		};
		0930827B1A25E14C0013502E /* FilmSyncLib */ = {
			isa = PBXGroup;
			children = (
				0930827C1A25E14C0013502E /* include */,
				0930827F1A25E14C0013502E /* libFilmSync.a */,
			);
			path = FilmSyncLib;
			sourceTree = "<group>";
		};
		0930827C1A25E14C0013502E /* include */ = {
			isa = PBXGroup;
			children = (
				0930827D1A25E14C0013502E /* FilmSync */,
			);
			path = include;
			sourceTree = "<group>";
		};
		0930827D1A25E14C0013502E /* FilmSync */ = {
			isa = PBXGroup;
			children = (
				0930827E1A25E14C0013502E /* FilmSync.h */,
			);
			path = FilmSync;
			sourceTree = "<group>";
		};
		0930828B1A25E15F0013502E /* Resources */ = {
			isa = PBXGroup;
			children = (
				0930828C1A25E15F0013502E /* Images */,
				090AECA21A2DA0CE007FD67A /* HelpScreenPageList.plist */,
			);
			path = Resources;
			sourceTree = "<group>";
		};
		0930828C1A25E15F0013502E /* Images */ = {
			isa = PBXGroup;
			children = (
				0930828D1A25E15F0013502E /* Common */,
				093082A51A25E15F0013502E /* HelpScreen */,
				093082AB1A25E15F0013502E /* ProjectListScreen */,
				093082AE1A25E15F0013502E /* SyncScreen */,
			);
			path = Images;
			sourceTree = "<group>";
		};
		0930828D1A25E15F0013502E /* Common */ = {
			isa = PBXGroup;
			children = (
				0930828E1A25E15F0013502E /* Backgound */,
				093082921A25E15F0013502E /* TabBarIcons */,
			);
			path = Common;
			sourceTree = "<group>";
		};
		0930828E1A25E15F0013502E /* Backgound */ = {
			isa = PBXGroup;
			children = (
				0930828F1A25E15F0013502E /* BackgroundImage.jpg */,
				093082901A25E15F0013502E /* BackgroundImage@2x.jpg */,
				093082911A25E15F0013502E /* BackgroundImage@3x.jpg */,
			);
			path = Backgound;
			sourceTree = "<group>";
		};
		093082921A25E15F0013502E /* TabBarIcons */ = {
			isa = PBXGroup;
			children = (
				093082931A25E15F0013502E /* tabIcon_Help.png */,
				093082941A25E15F0013502E /* tabIcon_Help@2x.png */,
				093082951A25E15F0013502E /* tabIcon_Help@3x.png */,
				093082961A25E15F0013502E /* tabIcon_Help_Selected.png */,
				093082971A25E15F0013502E /* tabIcon_Help_Selected@2x.png */,
				093082981A25E15F0013502E /* tabIcon_Help_Selected@3x.png */,
				093082991A25E15F0013502E /* tabIcon_ProjectList.png */,
				0930829A1A25E15F0013502E /* tabIcon_ProjectList@2x.png */,
				0930829B1A25E15F0013502E /* tabIcon_ProjectList@3x.png */,
				0930829C1A25E15F0013502E /* tabIcon_ProjectList_Selected.png */,
				0930829D1A25E15F0013502E /* tabIcon_ProjectList_Selected@2x.png */,
				0930829E1A25E15F0013502E /* tabIcon_ProjectList_Selected@3x.png */,
				0930829F1A25E15F0013502E /* tabIcon_Sync.png */,
				093082A01A25E15F0013502E /* tabIcon_Sync@2x.png */,
				093082A11A25E15F0013502E /* tabIcon_Sync@3x.png */,
				093082A21A25E15F0013502E /* tabIcon_Sync_Selected.png */,
				093082A31A25E15F0013502E /* tabIcon_Sync_Selected@2x.png */,
				093082A41A25E15F0013502E /* tabIcon_Sync_Selected@3x.png */,
			);
			path = TabBarIcons;
			sourceTree = "<group>";
		};
		093082A51A25E15F0013502E /* HelpScreen */ = {
			isa = PBXGroup;
			children = (
				093082F31A25F3A30013502E /* Help_ProjectListScreen.png */,
				093082EC1A25F34A0013502E /* Help_ProjectListScreen@2x.png */,
				093082F41A25F3A30013502E /* Help_SyncScreen.png */,
				093082EE1A25F34A0013502E /* Help_SyncScreen@2x.png */,
				090AECA41A2DB966007FD67A /* help_icon.png */,
				090AECA51A2DB966007FD67A /* list_icon.png */,
				090AECB91A2DE1A4007FD67A /* sync_icon.png */,
				090AECBB1A2DE350007FD67A /* web_icon.png */,
				093082A61A25E15F0013502E /* FilmSync_SS */,
			);
			path = HelpScreen;
			sourceTree = "<group>";
		};
		093082A61A25E15F0013502E /* FilmSync_SS */ = {
			isa = PBXGroup;
			children = (
				0996B1801A2C63BF008FF765 /* SS_0.png */,
				0996B1821A2C6E11008FF765 /* SS_1.png */,
				09829BE71A2883F60043C8C2 /* SS_4.png */,
				093082A71A25E15F0013502E /* SS_0temp.png */,
				093082A81A25E15F0013502E /* SS_1temp.png */,
				093082A91A25E15F0013502E /* SS_2.png */,
				093082AA1A25E15F0013502E /* SS_3.png */,
			);
			path = FilmSync_SS;
			sourceTree = "<group>";
		};
		093082AB1A25E15F0013502E /* ProjectListScreen */ = {
			isa = PBXGroup;
			children = (
				093082AC1A25E15F0013502E /* tableCellSeparator.png */,
				093082AD1A25E15F0013502E /* tableCellSeparator@2x.png */,
			);
			path = ProjectListScreen;
			sourceTree = "<group>";
		};
		093082AE1A25E15F0013502E /* SyncScreen */ = {
			isa = PBXGroup;
			children = (
				093082AF1A25E15F0013502E /* SyncAnimation */,
				093082BC1A25E15F0013502E /* tweetButton.png */,
				093082BD1A25E15F0013502E /* tweetButton@2x.png */,
			);
			path = SyncScreen;
			sourceTree = "<group>";
		};
		093082AF1A25E15F0013502E /* SyncAnimation */ = {
			isa = PBXGroup;
			children = (
				093082B01A25E15F0013502E /* SyncWave01.png */,
				093082B11A25E15F0013502E /* SyncWave02.png */,
				093082B21A25E15F0013502E /* SyncWave03.png */,
				093082B31A25E15F0013502E /* SyncWave04.png */,
				093082B41A25E15F0013502E /* SyncWave05.png */,
				093082B51A25E15F0013502E /* SyncWave06.png */,
				093082B61A25E15F0013502E /* SyncWave07.png */,
				093082B71A25E15F0013502E /* SyncWave08.png */,
				093082B81A25E15F0013502E /* SyncWave09.png */,
				093082B91A25E15F0013502E /* SyncWave10.png */,
				093082BA1A25E15F0013502E /* SyncWave11.png */,
				093082BB1A25E15F0013502E /* SyncWave12.png */,
			);
			path = SyncAnimation;
			sourceTree = "<group>";
		};
		0941007919CAA56100E806F6 /* Views */ = {
			isa = PBXGroup;
			children = (
				09A18E8819C3175F00DFFD62 /* Main_iPhone.storyboard */,
			);
			name = Views;
			sourceTree = "<group>";
		};
		09A18E6A19C3175F00DFFD62 = {
			isa = PBXGroup;
			children = (
				09A18E7C19C3175F00DFFD62 /* FilmSyncDemo */,
				09A18E9119C3175F00DFFD62 /* Images.xcassets */,
				09A18E7D19C3175F00DFFD62 /* Supporting Files */,
				09A18E9E19C3175F00DFFD62 /* FilmSyncDemoTests */,
				09A18E7519C3175F00DFFD62 /* Frameworks */,
				09A18E7419C3175F00DFFD62 /* Products */,
			);
			sourceTree = "<group>";
		};
		09A18E7419C3175F00DFFD62 /* Products */ = {
			isa = PBXGroup;
			children = (
				09A18E7319C3175F00DFFD62 /* FilmSyncDemo.app */,
				09A18E9719C3175F00DFFD62 /* FilmSyncDemoTests.xctest */,
			);
			name = Products;
			sourceTree = "<group>";
		};
		09A18E7519C3175F00DFFD62 /* Frameworks */ = {
			isa = PBXGroup;
			children = (
				090AECB71A2DDB6B007FD67A /* libz.dylib */,
				090AECB51A2DDB59007FD67A /* SystemConfiguration.framework */,
				09A18EDC19C3214900DFFD62 /* libc++.dylib */,
				09A18ECF19C3185A00DFFD62 /* Accelerate.framework */,
				09A18ED019C3185A00DFFD62 /* AudioToolbox.framework */,
				09A18ED119C3185A00DFFD62 /* AVFoundation.framework */,
				09A18ED219C3185A00DFFD62 /* CoreAudio.framework */,
				09A18ED319C3185A00DFFD62 /* CoreFoundation.framework */,
				09A18E7619C3175F00DFFD62 /* Foundation.framework */,
				09A18E7819C3175F00DFFD62 /* CoreGraphics.framework */,
				09A18E7A19C3175F00DFFD62 /* UIKit.framework */,
			);
			name = Frameworks;
			sourceTree = "<group>";
		};
		09A18E7C19C3175F00DFFD62 /* FilmSyncDemo */ = {
			isa = PBXGroup;
			children = (
				093082531A25E0EC0013502E /* Delegate */,
				093082571A25E0FB0013502E /* Controllers */,
				0941007919CAA56100E806F6 /* Views */,
				09B17BF319F5422D0026E06D /* CoreData */,
				0930826B1A25E14C0013502E /* Libraries */,
				0930828B1A25E15F0013502E /* Resources */,
				09AFB45B1A14CF3F00DE3E37 /* Constants.h */,
			);
			path = FilmSyncDemo;
			sourceTree = "<group>";
		};
		09A18E7D19C3175F00DFFD62 /* Supporting Files */ = {
			isa = PBXGroup;
			children = (
				09A18E7E19C3175F00DFFD62 /* FilmSyncDemo-Info.plist */,
				09A18E7F19C3175F00DFFD62 /* InfoPlist.strings */,
				09A18E8219C3175F00DFFD62 /* main.m */,
				09A18E8419C3175F00DFFD62 /* FilmSyncDemo-Prefix.pch */,
			);
			name = "Supporting Files";
			path = FilmSyncDemo;
			sourceTree = "<group>";
		};
		09A18E9E19C3175F00DFFD62 /* FilmSyncDemoTests */ = {
			isa = PBXGroup;
			children = (
				09A18EA419C3175F00DFFD62 /* FilmSyncDemoTests.m */,
				09A18E9F19C3175F00DFFD62 /* Supporting Files */,
			);
			path = FilmSyncDemoTests;
			sourceTree = "<group>";
		};
		09A18E9F19C3175F00DFFD62 /* Supporting Files */ = {
			isa = PBXGroup;
			children = (
				09A18EA019C3175F00DFFD62 /* FilmSyncDemoTests-Info.plist */,
				09A18EA119C3175F00DFFD62 /* InfoPlist.strings */,
			);
			name = "Supporting Files";
			sourceTree = "<group>";
		};
		09B17BF319F5422D0026E06D /* CoreData */ = {
			isa = PBXGroup;
			children = (
				09B17BF419F5422D0026E06D /* DataBase Handler */,
				093082641A25E1170013502E /* Models */,
				09B17BFC19F542E60026E06D /* FilmSyncModel.xcdatamodeld */,
			);
			path = CoreData;
			sourceTree = "<group>";
		};
		09B17BF419F5422D0026E06D /* DataBase Handler */ = {
			isa = PBXGroup;
			children = (
				09B17BF519F5422D0026E06D /* CoreData.h */,
				09B17BF619F5422D0026E06D /* CoreData.m */,
				09B17BF719F5422D0026E06D /* CoreDataAdditions.h */,
				09B17BF819F5422D0026E06D /* CoreDataAdditions.m */,
			);
			path = "DataBase Handler";
			sourceTree = "<group>";
		};
/* End PBXGroup section */

/* Begin PBXNativeTarget section */
		09A18E7219C3175F00DFFD62 /* FilmSyncDemo */ = {
			isa = PBXNativeTarget;
			buildConfigurationList = 09A18EA819C3175F00DFFD62 /* Build configuration list for PBXNativeTarget "FilmSyncDemo" */;
			buildPhases = (
				09A18E6F19C3175F00DFFD62 /* Sources */,
				09A18E7019C3175F00DFFD62 /* Frameworks */,
				09A18E7119C3175F00DFFD62 /* Resources */,
			);
			buildRules = (
			);
			dependencies = (
			);
			name = FilmSyncDemo;
			productName = FilmSyncDemo;
			productReference = 09A18E7319C3175F00DFFD62 /* FilmSyncDemo.app */;
			productType = "com.apple.product-type.application";
		};
		09A18E9619C3175F00DFFD62 /* FilmSyncDemoTests */ = {
			isa = PBXNativeTarget;
			buildConfigurationList = 09A18EAB19C3175F00DFFD62 /* Build configuration list for PBXNativeTarget "FilmSyncDemoTests" */;
			buildPhases = (
				09A18E9319C3175F00DFFD62 /* Sources */,
				09A18E9419C3175F00DFFD62 /* Frameworks */,
				09A18E9519C3175F00DFFD62 /* Resources */,
			);
			buildRules = (
			);
			dependencies = (
				09A18E9D19C3175F00DFFD62 /* PBXTargetDependency */,
			);
			name = FilmSyncDemoTests;
			productName = FilmSyncDemoTests;
			productReference = 09A18E9719C3175F00DFFD62 /* FilmSyncDemoTests.xctest */;
			productType = "com.apple.product-type.bundle.unit-test";
		};
/* End PBXNativeTarget section */

/* Begin PBXProject section */
		09A18E6B19C3175F00DFFD62 /* Project object */ = {
			isa = PBXProject;
			attributes = {
				LastUpgradeCheck = 0610;
				ORGANIZATIONNAME = Fingent;
				TargetAttributes = {
					09A18E9619C3175F00DFFD62 = {
						TestTargetID = 09A18E7219C3175F00DFFD62;
					};
				};
			};
			buildConfigurationList = 09A18E6E19C3175F00DFFD62 /* Build configuration list for PBXProject "FilmSyncDemo" */;
			compatibilityVersion = "Xcode 3.2";
			developmentRegion = English;
			hasScannedForEncodings = 0;
			knownRegions = (
				en,
				Base,
			);
			mainGroup = 09A18E6A19C3175F00DFFD62;
			productRefGroup = 09A18E7419C3175F00DFFD62 /* Products */;
			projectDirPath = "";
			projectRoot = "";
			targets = (
				09A18E7219C3175F00DFFD62 /* FilmSyncDemo */,
				09A18E9619C3175F00DFFD62 /* FilmSyncDemoTests */,
			);
		};
/* End PBXProject section */

/* Begin PBXResourcesBuildPhase section */
		09A18E7119C3175F00DFFD62 /* Resources */ = {
			isa = PBXResourcesBuildPhase;
			buildActionMask = 2147483647;
			files = (
				093082CE1A25E15F0013502E /* tabIcon_Sync@2x.png in Resources */,
				093082D11A25E15F0013502E /* tabIcon_Sync_Selected@2x.png in Resources */,
				093082E41A25E15F0013502E /* SyncWave12.png in Resources */,
				093082F61A25F3A30013502E /* Help_SyncScreen.png in Resources */,
				090AECBA1A2DE1A4007FD67A /* sync_icon.png in Resources */,
				090AECBC1A2DE350007FD67A /* web_icon.png in Resources */,
				09829BE81A2883F60043C8C2 /* SS_4.png in Resources */,
				090AECA81A2DB966007FD67A /* help_icon.png in Resources */,
				093082E21A25E15F0013502E /* SyncWave10.png in Resources */,
				093082831A25E14C0013502E /* DownAccessory@2x.png in Resources */,
				09A18E9219C3175F00DFFD62 /* Images.xcassets in Resources */,
				093082E51A25E15F0013502E /* tweetButton.png in Resources */,
				093082CD1A25E15F0013502E /* tabIcon_Sync.png in Resources */,
				093082D71A25E15F0013502E /* tableCellSeparator.png in Resources */,
				093082C41A25E15F0013502E /* tabIcon_Help_Selected.png in Resources */,
				0996B1811A2C63BF008FF765 /* SS_0.png in Resources */,
				093082CC1A25E15F0013502E /* tabIcon_ProjectList_Selected@3x.png in Resources */,
				093082CF1A25E15F0013502E /* tabIcon_Sync@3x.png in Resources */,
				093082C11A25E15F0013502E /* tabIcon_Help.png in Resources */,
				093082851A25E14C0013502E /* DownAccessoryWhite@2x.png in Resources */,
				093082C71A25E15F0013502E /* tabIcon_ProjectList.png in Resources */,
				093082C01A25E15F0013502E /* BackgroundImage@3x.jpg in Resources */,
				093082841A25E14C0013502E /* DownAccessoryWhite.png in Resources */,
				093082BF1A25E15F0013502E /* BackgroundImage@2x.jpg in Resources */,
				093082C91A25E15F0013502E /* tabIcon_ProjectList@3x.png in Resources */,
				093082CA1A25E15F0013502E /* tabIcon_ProjectList_Selected.png in Resources */,
				093082C81A25E15F0013502E /* tabIcon_ProjectList@2x.png in Resources */,
				093082D51A25E15F0013502E /* SS_2.png in Resources */,
				093082C51A25E15F0013502E /* tabIcon_Help_Selected@2x.png in Resources */,
				093082DD1A25E15F0013502E /* SyncWave05.png in Resources */,
				093082E01A25E15F0013502E /* SyncWave08.png in Resources */,
				093082871A25E14C0013502E /* UpAccessory@2x.png in Resources */,
				093082DC1A25E15F0013502E /* SyncWave04.png in Resources */,
				093082D41A25E15F0013502E /* SS_1temp.png in Resources */,
				093082C21A25E15F0013502E /* tabIcon_Help@2x.png in Resources */,
				093082C31A25E15F0013502E /* tabIcon_Help@3x.png in Resources */,
				093082D31A25E15F0013502E /* SS_0temp.png in Resources */,
				0996B1831A2C6E11008FF765 /* SS_1.png in Resources */,
				093082F21A25F34A0013502E /* Help_SyncScreen@2x.png in Resources */,
				093082DF1A25E15F0013502E /* SyncWave07.png in Resources */,
				093082D81A25E15F0013502E /* tableCellSeparator@2x.png in Resources */,
				093082BE1A25E15F0013502E /* BackgroundImage.jpg in Resources */,
				090AECA91A2DB966007FD67A /* list_icon.png in Resources */,
				093082DA1A25E15F0013502E /* SyncWave02.png in Resources */,
				093082D91A25E15F0013502E /* SyncWave01.png in Resources */,
				093082E61A25E15F0013502E /* tweetButton@2x.png in Resources */,
				093082891A25E14C0013502E /* UpAccessoryWhite@2x.png in Resources */,
				093082C61A25E15F0013502E /* tabIcon_Help_Selected@3x.png in Resources */,
				090AECA31A2DA0CE007FD67A /* HelpScreenPageList.plist in Resources */,
				093082D61A25E15F0013502E /* SS_3.png in Resources */,
				093082DB1A25E15F0013502E /* SyncWave03.png in Resources */,
				093082881A25E14C0013502E /* UpAccessoryWhite.png in Resources */,
				093082D01A25E15F0013502E /* tabIcon_Sync_Selected.png in Resources */,
				093082F51A25F3A30013502E /* Help_ProjectListScreen.png in Resources */,
				093082861A25E14C0013502E /* UpAccessory.png in Resources */,
				093082F01A25F34A0013502E /* Help_ProjectListScreen@2x.png in Resources */,
				093082CB1A25E15F0013502E /* tabIcon_ProjectList_Selected@2x.png in Resources */,
				09A18E8A19C3175F00DFFD62 /* Main_iPhone.storyboard in Resources */,
				09A18E8119C3175F00DFFD62 /* InfoPlist.strings in Resources */,
				093082E11A25E15F0013502E /* SyncWave09.png in Resources */,
				093082D21A25E15F0013502E /* tabIcon_Sync_Selected@3x.png in Resources */,
				093082821A25E14C0013502E /* DownAccessory.png in Resources */,
				093082DE1A25E15F0013502E /* SyncWave06.png in Resources */,
				093082E31A25E15F0013502E /* SyncWave11.png in Resources */,
			);
			runOnlyForDeploymentPostprocessing = 0;
		};
		09A18E9519C3175F00DFFD62 /* Resources */ = {
			isa = PBXResourcesBuildPhase;
			buildActionMask = 2147483647;
			files = (
				09A18EA319C3175F00DFFD62 /* InfoPlist.strings in Resources */,
			);
			runOnlyForDeploymentPostprocessing = 0;
		};
/* End PBXResourcesBuildPhase section */

/* Begin PBXSourcesBuildPhase section */
		09A18E6F19C3175F00DFFD62 /* Sources */ = {
			isa = PBXSourcesBuildPhase;
			buildActionMask = 2147483647;
			files = (
				093082811A25E14C0013502E /* GCRetractableSectionController.m in Sources */,
				09B17BFB19F5422D0026E06D /* CoreDataAdditions.m in Sources */,
				093082611A25E0FB0013502E /* HelpPageViewController.m in Sources */,
				093082631A25E0FB0013502E /* ProjectListViewController.m in Sources */,
				09B17BFA19F5422D0026E06D /* CoreData.m in Sources */,
				093082601A25E0FB0013502E /* CardsViewController.m in Sources */,
				093082561A25E0EC0013502E /* AppDelegate.m in Sources */,
				093082621A25E0FB0013502E /* HelpViewController.m in Sources */,
				093082801A25E14C0013502E /* GCArraySectionController.m in Sources */,
				09B17BFE19F542E60026E06D /* FilmSyncModel.xcdatamodeld in Sources */,
				09A18E8319C3175F00DFFD62 /* main.m in Sources */,
				0930826A1A25E1170013502E /* Project.m in Sources */,
				093082691A25E1170013502E /* Card.m in Sources */,
			);
			runOnlyForDeploymentPostprocessing = 0;
		};
		09A18E9319C3175F00DFFD62 /* Sources */ = {
			isa = PBXSourcesBuildPhase;
			buildActionMask = 2147483647;
			files = (
				09A18EA519C3175F00DFFD62 /* FilmSyncDemoTests.m in Sources */,
			);
			runOnlyForDeploymentPostprocessing = 0;
		};
/* End PBXSourcesBuildPhase section */

/* Begin PBXTargetDependency section */
		09A18E9D19C3175F00DFFD62 /* PBXTargetDependency */ = {
			isa = PBXTargetDependency;
			target = 09A18E7219C3175F00DFFD62 /* FilmSyncDemo */;
			targetProxy = 09A18E9C19C3175F00DFFD62 /* PBXContainerItemProxy */;
		};
/* End PBXTargetDependency section */

/* Begin PBXVariantGroup section */
		09A18E7F19C3175F00DFFD62 /* InfoPlist.strings */ = {
			isa = PBXVariantGroup;
			children = (
				09A18E8019C3175F00DFFD62 /* en */,
			);
			name = InfoPlist.strings;
			sourceTree = "<group>";
		};
		09A18E8819C3175F00DFFD62 /* Main_iPhone.storyboard */ = {
			isa = PBXVariantGroup;
			children = (
				09A18E8919C3175F00DFFD62 /* Base */,
			);
			name = Main_iPhone.storyboard;
			sourceTree = "<group>";
		};
		09A18EA119C3175F00DFFD62 /* InfoPlist.strings */ = {
			isa = PBXVariantGroup;
			children = (
				09A18EA219C3175F00DFFD62 /* en */,
			);
			name = InfoPlist.strings;
			sourceTree = "<group>";
		};
/* End PBXVariantGroup section */

/* Begin XCBuildConfiguration section */
		09A18EA619C3175F00DFFD62 /* Debug */ = {
			isa = XCBuildConfiguration;
			buildSettings = {
				ALWAYS_SEARCH_USER_PATHS = NO;
				CLANG_CXX_LANGUAGE_STANDARD = "gnu++0x";
				CLANG_CXX_LIBRARY = "libc++";
				CLANG_ENABLE_MODULES = YES;
				CLANG_ENABLE_OBJC_ARC = YES;
				CLANG_WARN_BOOL_CONVERSION = YES;
				CLANG_WARN_CONSTANT_CONVERSION = YES;
				CLANG_WARN_DIRECT_OBJC_ISA_USAGE = YES_ERROR;
				CLANG_WARN_EMPTY_BODY = YES;
				CLANG_WARN_ENUM_CONVERSION = YES;
				CLANG_WARN_INT_CONVERSION = YES;
				CLANG_WARN_OBJC_ROOT_CLASS = YES_ERROR;
				CLANG_WARN__DUPLICATE_METHOD_MATCH = YES;
				"CODE_SIGN_IDENTITY[sdk=iphoneos*]" = "iPhone Developer";
				COPY_PHASE_STRIP = NO;
				GCC_C_LANGUAGE_STANDARD = gnu99;
				GCC_DYNAMIC_NO_PIC = NO;
				GCC_OPTIMIZATION_LEVEL = 0;
				GCC_PREPROCESSOR_DEFINITIONS = (
					"DEBUG=1",
					"$(inherited)",
				);
				GCC_SYMBOLS_PRIVATE_EXTERN = NO;
				GCC_WARN_64_TO_32_BIT_CONVERSION = YES;
				GCC_WARN_ABOUT_RETURN_TYPE = YES_ERROR;
				GCC_WARN_UNDECLARED_SELECTOR = YES;
				GCC_WARN_UNINITIALIZED_AUTOS = YES_AGGRESSIVE;
				GCC_WARN_UNUSED_FUNCTION = YES;
				GCC_WARN_UNUSED_VARIABLE = YES;
				IPHONEOS_DEPLOYMENT_TARGET = 7.1;
				ONLY_ACTIVE_ARCH = YES;
				SDKROOT = iphoneos;
				TARGETED_DEVICE_FAMILY = "1,2";
			};
			name = Debug;
		};
		09A18EA719C3175F00DFFD62 /* Release */ = {
			isa = XCBuildConfiguration;
			buildSettings = {
				ALWAYS_SEARCH_USER_PATHS = NO;
				CLANG_CXX_LANGUAGE_STANDARD = "gnu++0x";
				CLANG_CXX_LIBRARY = "libc++";
				CLANG_ENABLE_MODULES = YES;
				CLANG_ENABLE_OBJC_ARC = YES;
				CLANG_WARN_BOOL_CONVERSION = YES;
				CLANG_WARN_CONSTANT_CONVERSION = YES;
				CLANG_WARN_DIRECT_OBJC_ISA_USAGE = YES_ERROR;
				CLANG_WARN_EMPTY_BODY = YES;
				CLANG_WARN_ENUM_CONVERSION = YES;
				CLANG_WARN_INT_CONVERSION = YES;
				CLANG_WARN_OBJC_ROOT_CLASS = YES_ERROR;
				CLANG_WARN__DUPLICATE_METHOD_MATCH = YES;
				"CODE_SIGN_IDENTITY[sdk=iphoneos*]" = "iPhone Developer";
				COPY_PHASE_STRIP = YES;
				ENABLE_NS_ASSERTIONS = NO;
				GCC_C_LANGUAGE_STANDARD = gnu99;
				GCC_WARN_64_TO_32_BIT_CONVERSION = YES;
				GCC_WARN_ABOUT_RETURN_TYPE = YES_ERROR;
				GCC_WARN_UNDECLARED_SELECTOR = YES;
				GCC_WARN_UNINITIALIZED_AUTOS = YES_AGGRESSIVE;
				GCC_WARN_UNUSED_FUNCTION = YES;
				GCC_WARN_UNUSED_VARIABLE = YES;
				IPHONEOS_DEPLOYMENT_TARGET = 7.1;
				SDKROOT = iphoneos;
				TARGETED_DEVICE_FAMILY = "1,2";
				VALIDATE_PRODUCT = YES;
			};
			name = Release;
		};
		09A18EA919C3175F00DFFD62 /* Debug */ = {
			isa = XCBuildConfiguration;
			buildSettings = {
				ASSETCATALOG_COMPILER_APPICON_NAME = AppIcon;
				ASSETCATALOG_COMPILER_LAUNCHIMAGE_NAME = LaunchImage;
				CODE_SIGN_IDENTITY = "iPhone Distribution: Fingent Corp (XU3XTNFKT8)";
				GCC_PRECOMPILE_PREFIX_HEADER = YES;
				GCC_PREFIX_HEADER = "FilmSyncDemo/FilmSyncDemo-Prefix.pch";
				GCC_PREPROCESSOR_DEFINITIONS = (
					"DEBUG=1",
					"$(inherited)",
					"FS_DEBUG=1",
					"FSW_DEBUG=1",
				);
				INFOPLIST_FILE = "FilmSyncDemo/FilmSyncDemo-Info.plist";
				IPHONEOS_DEPLOYMENT_TARGET = 7.1;
				LIBRARY_SEARCH_PATHS = (
					"$(inherited)",
					"$(PROJECT_DIR)/FilmSyncDemo/Libraries/FilmSyncLib",
					"$(PROJECT_DIR)/FilmSyncDemo/Libraries/GoogleAnalytics",
				);
				ONLY_ACTIVE_ARCH = YES;
				PRODUCT_NAME = "$(TARGET_NAME)";
				PROVISIONING_PROFILE = "068f6c3b-fcf7-4c04-b8db-5715363e53d8";
				TARGETED_DEVICE_FAMILY = "1,2";
				VALID_ARCHS = "arm64 armv7 armv7s";
				WRAPPER_EXTENSION = app;
			};
			name = Debug;
		};
		09A18EAA19C3175F00DFFD62 /* Release */ = {
			isa = XCBuildConfiguration;
			buildSettings = {
				ASSETCATALOG_COMPILER_APPICON_NAME = AppIcon;
				ASSETCATALOG_COMPILER_LAUNCHIMAGE_NAME = LaunchImage;
				CODE_SIGN_IDENTITY = "iPhone Distribution: Fingent Corp (XU3XTNFKT8)";
				GCC_PRECOMPILE_PREFIX_HEADER = YES;
				GCC_PREFIX_HEADER = "FilmSyncDemo/FilmSyncDemo-Prefix.pch";
				GCC_PREPROCESSOR_DEFINITIONS = (
					"DEBUG=1",
					"$(inherited)",
					"FS_DEBUG=1",
					"FSW_DEBUG=1",
				);
				INFOPLIST_FILE = "FilmSyncDemo/FilmSyncDemo-Info.plist";
				IPHONEOS_DEPLOYMENT_TARGET = 7.1;
				LIBRARY_SEARCH_PATHS = (
					"$(inherited)",
					"$(PROJECT_DIR)/FilmSyncDemo/Libraries/FilmSyncLib",
					"$(PROJECT_DIR)/FilmSyncDemo/Libraries/GoogleAnalytics",
				);
				PRODUCT_NAME = "$(TARGET_NAME)";
				PROVISIONING_PROFILE = "068f6c3b-fcf7-4c04-b8db-5715363e53d8";
				TARGETED_DEVICE_FAMILY = "1,2";
				VALID_ARCHS = "arm64 armv7 armv7s";
				WRAPPER_EXTENSION = app;
			};
			name = Release;
		};
		09A18EAC19C3175F00DFFD62 /* Debug */ = {
			isa = XCBuildConfiguration;
			buildSettings = {
				BUNDLE_LOADER = "$(BUILT_PRODUCTS_DIR)/FilmSyncDemo.app/FilmSyncDemo";
				FRAMEWORK_SEARCH_PATHS = (
					"$(SDKROOT)/Developer/Library/Frameworks",
					"$(inherited)",
					"$(DEVELOPER_FRAMEWORKS_DIR)",
				);
				GCC_PRECOMPILE_PREFIX_HEADER = YES;
				GCC_PREFIX_HEADER = "FilmSyncDemo/FilmSyncDemo-Prefix.pch";
				GCC_PREPROCESSOR_DEFINITIONS = (
					"DEBUG=1",
					"$(inherited)",
				);
				INFOPLIST_FILE = "FilmSyncDemoTests/FilmSyncDemoTests-Info.plist";
				PRODUCT_NAME = "$(TARGET_NAME)";
				TEST_HOST = "$(BUNDLE_LOADER)";
				WRAPPER_EXTENSION = xctest;
			};
			name = Debug;
		};
		09A18EAD19C3175F00DFFD62 /* Release */ = {
			isa = XCBuildConfiguration;
			buildSettings = {
				BUNDLE_LOADER = "$(BUILT_PRODUCTS_DIR)/FilmSyncDemo.app/FilmSyncDemo";
				FRAMEWORK_SEARCH_PATHS = (
					"$(SDKROOT)/Developer/Library/Frameworks",
					"$(inherited)",
					"$(DEVELOPER_FRAMEWORKS_DIR)",
				);
				GCC_PRECOMPILE_PREFIX_HEADER = YES;
				GCC_PREFIX_HEADER = "FilmSyncDemo/FilmSyncDemo-Prefix.pch";
				INFOPLIST_FILE = "FilmSyncDemoTests/FilmSyncDemoTests-Info.plist";
				PRODUCT_NAME = "$(TARGET_NAME)";
				TEST_HOST = "$(BUNDLE_LOADER)";
				WRAPPER_EXTENSION = xctest;
			};
			name = Release;
		};
/* End XCBuildConfiguration section */

/* Begin XCConfigurationList section */
		09A18E6E19C3175F00DFFD62 /* Build configuration list for PBXProject "FilmSyncDemo" */ = {
			isa = XCConfigurationList;
			buildConfigurations = (
				09A18EA619C3175F00DFFD62 /* Debug */,
				09A18EA719C3175F00DFFD62 /* Release */,
			);
			defaultConfigurationIsVisible = 0;
			defaultConfigurationName = Release;
		};
		09A18EA819C3175F00DFFD62 /* Build configuration list for PBXNativeTarget "FilmSyncDemo" */ = {
			isa = XCConfigurationList;
			buildConfigurations = (
				09A18EA919C3175F00DFFD62 /* Debug */,
				09A18EAA19C3175F00DFFD62 /* Release */,
			);
			defaultConfigurationIsVisible = 0;
			defaultConfigurationName = Release;
		};
		09A18EAB19C3175F00DFFD62 /* Build configuration list for PBXNativeTarget "FilmSyncDemoTests" */ = {
			isa = XCConfigurationList;
			buildConfigurations = (
				09A18EAC19C3175F00DFFD62 /* Debug */,
				09A18EAD19C3175F00DFFD62 /* Release */,
			);
			defaultConfigurationIsVisible = 0;
			defaultConfigurationName = Release;
		};
/* End XCConfigurationList section */

/* Begin XCVersionGroup section */
		09B17BFC19F542E60026E06D /* FilmSyncModel.xcdatamodeld */ = {
			isa = XCVersionGroup;
			children = (
				09B17BFD19F542E60026E06D /* FilmSyncModel.xcdatamodel */,
			);
			currentVersion = 09B17BFD19F542E60026E06D /* FilmSyncModel.xcdatamodel */;
			path = FilmSyncModel.xcdatamodeld;
			sourceTree = "<group>";
			versionGroupType = wrapper.xcdatamodel;
		};
/* End XCVersionGroup section */
	};
	rootObject = 09A18E6B19C3175F00DFFD62 /* Project object */;
}
