// !$*UTF8*$!
{
	archiveVersion = 1;
	classes = {
	};
	objectVersion = 46;
	objects = {

/* Begin PBXBuildFile section */
		0930FD9E19FA4B24000045EF /* HelpViewController.m in Sources */ = {isa = PBXBuildFile; fileRef = 0930FD9D19FA4B24000045EF /* HelpViewController.m */; };
		0930FDA119FA6108000045EF /* sep.png in Resources */ = {isa = PBXBuildFile; fileRef = 0930FD9F19FA6107000045EF /* sep.png */; };
		0930FDA219FA6108000045EF /* sep@2x.png in Resources */ = {isa = PBXBuildFile; fileRef = 0930FDA019FA6108000045EF /* sep@2x.png */; };
		093B263119F7EB850037FDFE /* Card.m in Sources */ = {isa = PBXBuildFile; fileRef = 093B263019F7EB850037FDFE /* Card.m */; };
		093B263419F7EB860037FDFE /* Project.m in Sources */ = {isa = PBXBuildFile; fileRef = 093B263319F7EB860037FDFE /* Project.m */; };
		093F1CCB19F915DD0015779B /* tabIcon_Help.png in Resources */ = {isa = PBXBuildFile; fileRef = 093F1CC319F915DC0015779B /* tabIcon_Help.png */; };
		093F1CCC19F915DD0015779B /* tabIcon_Help@2x.png in Resources */ = {isa = PBXBuildFile; fileRef = 093F1CC419F915DC0015779B /* tabIcon_Help@2x.png */; };
		093F1CCD19F915DD0015779B /* tabIcon_Help@3x.png in Resources */ = {isa = PBXBuildFile; fileRef = 093F1CC519F915DC0015779B /* tabIcon_Help@3x.png */; };
		093F1CCE19F915DD0015779B /* tabIcon_ProjectList.png in Resources */ = {isa = PBXBuildFile; fileRef = 093F1CC619F915DC0015779B /* tabIcon_ProjectList.png */; };
		093F1CCF19F915DD0015779B /* tabIcon_ProjectList@2x.png in Resources */ = {isa = PBXBuildFile; fileRef = 093F1CC719F915DC0015779B /* tabIcon_ProjectList@2x.png */; };
		093F1CD019F915DD0015779B /* tabIcon_ProjectList@3x.png in Resources */ = {isa = PBXBuildFile; fileRef = 093F1CC819F915DC0015779B /* tabIcon_ProjectList@3x.png */; };
		093F1CD519F919AA0015779B /* tabIcon_Sync_Selected.png in Resources */ = {isa = PBXBuildFile; fileRef = 093F1CD319F919AA0015779B /* tabIcon_Sync_Selected.png */; };
		093F1CD619F919AA0015779B /* tabIcon_Sync.png in Resources */ = {isa = PBXBuildFile; fileRef = 093F1CD419F919AA0015779B /* tabIcon_Sync.png */; };
		093F1CDB19F920C90015779B /* tabIcon_Sync_Selected@2x.png in Resources */ = {isa = PBXBuildFile; fileRef = 093F1CD719F920C90015779B /* tabIcon_Sync_Selected@2x.png */; };
		093F1CDC19F920CA0015779B /* tabIcon_Sync_Selected@3x.png in Resources */ = {isa = PBXBuildFile; fileRef = 093F1CD819F920C90015779B /* tabIcon_Sync_Selected@3x.png */; };
		093F1CDD19F920CA0015779B /* tabIcon_Sync@2x.png in Resources */ = {isa = PBXBuildFile; fileRef = 093F1CD919F920C90015779B /* tabIcon_Sync@2x.png */; };
		093F1CDE19F920CA0015779B /* tabIcon_Sync@3x.png in Resources */ = {isa = PBXBuildFile; fileRef = 093F1CDA19F920C90015779B /* tabIcon_Sync@3x.png */; };
		093F1CE319F923970015779B /* BackgroundImage.jpg in Resources */ = {isa = PBXBuildFile; fileRef = 093F1CE019F923970015779B /* BackgroundImage.jpg */; };
		093F1CE419F923970015779B /* BackgroundImage@2x.jpg in Resources */ = {isa = PBXBuildFile; fileRef = 093F1CE119F923970015779B /* BackgroundImage@2x.jpg */; };
		093F1CE519F923970015779B /* BackgroundImage@3x.jpg in Resources */ = {isa = PBXBuildFile; fileRef = 093F1CE219F923970015779B /* BackgroundImage@3x.jpg */; };
		096EDA0319EBA9DC00E1C56F /* CardsViewController.m in Sources */ = {isa = PBXBuildFile; fileRef = 096EDA0219EBA9DC00E1C56F /* CardsViewController.m */; };
		09869E981A0221FD00283D91 /* tabIcon_Help_Selected.png in Resources */ = {isa = PBXBuildFile; fileRef = 09869E921A0221FD00283D91 /* tabIcon_Help_Selected.png */; };
		09869E991A0221FD00283D91 /* tabIcon_Help_Selected@2x.png in Resources */ = {isa = PBXBuildFile; fileRef = 09869E931A0221FD00283D91 /* tabIcon_Help_Selected@2x.png */; };
		09869E9A1A0221FD00283D91 /* tabIcon_Help_Selected@3x.png in Resources */ = {isa = PBXBuildFile; fileRef = 09869E941A0221FD00283D91 /* tabIcon_Help_Selected@3x.png */; };
		09869E9B1A0221FD00283D91 /* tabIcon_ProjectList_Selected.png in Resources */ = {isa = PBXBuildFile; fileRef = 09869E951A0221FD00283D91 /* tabIcon_ProjectList_Selected.png */; };
		09869E9C1A0221FD00283D91 /* tabIcon_ProjectList_Selected@2x.png in Resources */ = {isa = PBXBuildFile; fileRef = 09869E961A0221FD00283D91 /* tabIcon_ProjectList_Selected@2x.png */; };
		09869E9D1A0221FD00283D91 /* tabIcon_ProjectList_Selected@3x.png in Resources */ = {isa = PBXBuildFile; fileRef = 09869E971A0221FD00283D91 /* tabIcon_ProjectList_Selected@3x.png */; };
		0986E55019FF60A30052187B /* SyncWave01.png in Resources */ = {isa = PBXBuildFile; fileRef = 0986E54419FF60A30052187B /* SyncWave01.png */; };
		0986E55119FF60A30052187B /* SyncWave02.png in Resources */ = {isa = PBXBuildFile; fileRef = 0986E54519FF60A30052187B /* SyncWave02.png */; };
		0986E55219FF60A30052187B /* SyncWave03.png in Resources */ = {isa = PBXBuildFile; fileRef = 0986E54619FF60A30052187B /* SyncWave03.png */; };
		0986E55319FF60A30052187B /* SyncWave04.png in Resources */ = {isa = PBXBuildFile; fileRef = 0986E54719FF60A30052187B /* SyncWave04.png */; };
		0986E55419FF60A30052187B /* SyncWave05.png in Resources */ = {isa = PBXBuildFile; fileRef = 0986E54819FF60A30052187B /* SyncWave05.png */; };
		0986E55519FF60A30052187B /* SyncWave06.png in Resources */ = {isa = PBXBuildFile; fileRef = 0986E54919FF60A30052187B /* SyncWave06.png */; };
		0986E55619FF60A30052187B /* SyncWave07.png in Resources */ = {isa = PBXBuildFile; fileRef = 0986E54A19FF60A30052187B /* SyncWave07.png */; };
		0986E55719FF60A30052187B /* SyncWave08.png in Resources */ = {isa = PBXBuildFile; fileRef = 0986E54B19FF60A30052187B /* SyncWave08.png */; };
		0986E55819FF60A30052187B /* SyncWave09.png in Resources */ = {isa = PBXBuildFile; fileRef = 0986E54C19FF60A30052187B /* SyncWave09.png */; };
		0986E55919FF60A30052187B /* SyncWave10.png in Resources */ = {isa = PBXBuildFile; fileRef = 0986E54D19FF60A30052187B /* SyncWave10.png */; };
		0986E55A19FF60A30052187B /* SyncWave11.png in Resources */ = {isa = PBXBuildFile; fileRef = 0986E54E19FF60A30052187B /* SyncWave11.png */; };
		0986E55B19FF60A30052187B /* SyncWave12.png in Resources */ = {isa = PBXBuildFile; fileRef = 0986E54F19FF60A30052187B /* SyncWave12.png */; };
		098B408819FE6E09006A9910 /* HelpPageViewController.m in Sources */ = {isa = PBXBuildFile; fileRef = 098B408719FE6E09006A9910 /* HelpPageViewController.m */; };
		098B408A19FE878B006A9910 /* btn-512-TwitterCroped100.png in Resources */ = {isa = PBXBuildFile; fileRef = 098B408919FE878A006A9910 /* btn-512-TwitterCroped100.png */; };
		099DD5721A03AFFC00A2B3D3 /* SS_1.png in Resources */ = {isa = PBXBuildFile; fileRef = 099DD56D1A03AFFC00A2B3D3 /* SS_1.png */; };
		099DD5731A03AFFC00A2B3D3 /* SS_2.png in Resources */ = {isa = PBXBuildFile; fileRef = 099DD56E1A03AFFC00A2B3D3 /* SS_2.png */; };
		099DD5741A03AFFC00A2B3D3 /* SS_3.png in Resources */ = {isa = PBXBuildFile; fileRef = 099DD56F1A03AFFC00A2B3D3 /* SS_3.png */; };
		099DD5761A03B54700A2B3D3 /* SS_0.png in Resources */ = {isa = PBXBuildFile; fileRef = 099DD5751A03B54700A2B3D3 /* SS_0.png */; };
		09A18E7719C3175F00DFFD62 /* Foundation.framework in Frameworks */ = {isa = PBXBuildFile; fileRef = 09A18E7619C3175F00DFFD62 /* Foundation.framework */; };
		09A18E7919C3175F00DFFD62 /* CoreGraphics.framework in Frameworks */ = {isa = PBXBuildFile; fileRef = 09A18E7819C3175F00DFFD62 /* CoreGraphics.framework */; };
		09A18E7B19C3175F00DFFD62 /* UIKit.framework in Frameworks */ = {isa = PBXBuildFile; fileRef = 09A18E7A19C3175F00DFFD62 /* UIKit.framework */; };
		09A18E8119C3175F00DFFD62 /* InfoPlist.strings in Resources */ = {isa = PBXBuildFile; fileRef = 09A18E7F19C3175F00DFFD62 /* InfoPlist.strings */; };
		09A18E8319C3175F00DFFD62 /* main.m in Sources */ = {isa = PBXBuildFile; fileRef = 09A18E8219C3175F00DFFD62 /* main.m */; };
		09A18E8719C3175F00DFFD62 /* AppDelegate.m in Sources */ = {isa = PBXBuildFile; fileRef = 09A18E8619C3175F00DFFD62 /* AppDelegate.m */; };
		09A18E8A19C3175F00DFFD62 /* Main_iPhone.storyboard in Resources */ = {isa = PBXBuildFile; fileRef = 09A18E8819C3175F00DFFD62 /* Main_iPhone.storyboard */; };
		09A18E9219C3175F00DFFD62 /* Images.xcassets in Resources */ = {isa = PBXBuildFile; fileRef = 09A18E9119C3175F00DFFD62 /* Images.xcassets */; };
		09A18E9A19C3175F00DFFD62 /* Foundation.framework in Frameworks */ = {isa = PBXBuildFile; fileRef = 09A18E7619C3175F00DFFD62 /* Foundation.framework */; };
		09A18E9B19C3175F00DFFD62 /* UIKit.framework in Frameworks */ = {isa = PBXBuildFile; fileRef = 09A18E7A19C3175F00DFFD62 /* UIKit.framework */; };
		09A18EA319C3175F00DFFD62 /* InfoPlist.strings in Resources */ = {isa = PBXBuildFile; fileRef = 09A18EA119C3175F00DFFD62 /* InfoPlist.strings */; };
		09A18EA519C3175F00DFFD62 /* FilmSyncDemoTests.m in Sources */ = {isa = PBXBuildFile; fileRef = 09A18EA419C3175F00DFFD62 /* FilmSyncDemoTests.m */; };
		09A18ED419C3185A00DFFD62 /* Accelerate.framework in Frameworks */ = {isa = PBXBuildFile; fileRef = 09A18ECF19C3185A00DFFD62 /* Accelerate.framework */; };
		09A18ED519C3185A00DFFD62 /* AudioToolbox.framework in Frameworks */ = {isa = PBXBuildFile; fileRef = 09A18ED019C3185A00DFFD62 /* AudioToolbox.framework */; };
		09A18ED619C3185A00DFFD62 /* AVFoundation.framework in Frameworks */ = {isa = PBXBuildFile; fileRef = 09A18ED119C3185A00DFFD62 /* AVFoundation.framework */; };
		09A18ED719C3185A00DFFD62 /* CoreAudio.framework in Frameworks */ = {isa = PBXBuildFile; fileRef = 09A18ED219C3185A00DFFD62 /* CoreAudio.framework */; };
		09A18ED819C3185A00DFFD62 /* CoreFoundation.framework in Frameworks */ = {isa = PBXBuildFile; fileRef = 09A18ED319C3185A00DFFD62 /* CoreFoundation.framework */; };
		09A18EDD19C3214900DFFD62 /* libc++.dylib in Frameworks */ = {isa = PBXBuildFile; fileRef = 09A18EDC19C3214900DFFD62 /* libc++.dylib */; };
		09B17BE619F4E69C0026E06D /* GCArraySectionController.m in Sources */ = {isa = PBXBuildFile; fileRef = 09B17BD919F4E69C0026E06D /* GCArraySectionController.m */; };
		09B17BE719F4E69C0026E06D /* GCRetractableSectionController.m in Sources */ = {isa = PBXBuildFile; fileRef = 09B17BDC19F4E69C0026E06D /* GCRetractableSectionController.m */; };
		09B17BE819F4E69C0026E06D /* DownAccessory.png in Resources */ = {isa = PBXBuildFile; fileRef = 09B17BDE19F4E69C0026E06D /* DownAccessory.png */; };
		09B17BE919F4E69C0026E06D /* DownAccessory@2x.png in Resources */ = {isa = PBXBuildFile; fileRef = 09B17BDF19F4E69C0026E06D /* DownAccessory@2x.png */; };
		09B17BEA19F4E69C0026E06D /* DownAccessoryWhite.png in Resources */ = {isa = PBXBuildFile; fileRef = 09B17BE019F4E69C0026E06D /* DownAccessoryWhite.png */; };
		09B17BEB19F4E69C0026E06D /* DownAccessoryWhite@2x.png in Resources */ = {isa = PBXBuildFile; fileRef = 09B17BE119F4E69C0026E06D /* DownAccessoryWhite@2x.png */; };
		09B17BEC19F4E69C0026E06D /* UpAccessory.png in Resources */ = {isa = PBXBuildFile; fileRef = 09B17BE219F4E69C0026E06D /* UpAccessory.png */; };
		09B17BED19F4E69C0026E06D /* UpAccessory@2x.png in Resources */ = {isa = PBXBuildFile; fileRef = 09B17BE319F4E69C0026E06D /* UpAccessory@2x.png */; };
		09B17BEE19F4E69C0026E06D /* UpAccessoryWhite.png in Resources */ = {isa = PBXBuildFile; fileRef = 09B17BE419F4E69C0026E06D /* UpAccessoryWhite.png */; };
		09B17BEF19F4E69C0026E06D /* UpAccessoryWhite@2x.png in Resources */ = {isa = PBXBuildFile; fileRef = 09B17BE519F4E69C0026E06D /* UpAccessoryWhite@2x.png */; };
		09B17BF219F4E7200026E06D /* ProjectListViewController.m in Sources */ = {isa = PBXBuildFile; fileRef = 09B17BF119F4E7200026E06D /* ProjectListViewController.m */; };
		09B17BFA19F5422D0026E06D /* CoreData.m in Sources */ = {isa = PBXBuildFile; fileRef = 09B17BF619F5422D0026E06D /* CoreData.m */; };
		09B17BFB19F5422D0026E06D /* CoreDataAdditions.m in Sources */ = {isa = PBXBuildFile; fileRef = 09B17BF819F5422D0026E06D /* CoreDataAdditions.m */; };
		09B17BFE19F542E60026E06D /* FilmSyncModel.xcdatamodeld in Sources */ = {isa = PBXBuildFile; fileRef = 09B17BFC19F542E60026E06D /* FilmSyncModel.xcdatamodeld */; };
		09BD42BC1A1F18F7000EBA91 /* libFilmSync.a in Frameworks */ = {isa = PBXBuildFile; fileRef = 09BD42BB1A1F18F7000EBA91 /* libFilmSync.a */; };
/* End PBXBuildFile section */

/* Begin PBXContainerItemProxy section */
		09A18E9C19C3175F00DFFD62 /* PBXContainerItemProxy */ = {
			isa = PBXContainerItemProxy;
			containerPortal = 09A18E6B19C3175F00DFFD62 /* Project object */;
			proxyType = 1;
			remoteGlobalIDString = 09A18E7219C3175F00DFFD62;
			remoteInfo = FilmSyncDemo;
		};
/* End PBXContainerItemProxy section */

/* Begin PBXFileReference section */
		0930FD9C19FA4B24000045EF /* HelpViewController.h */ = {isa = PBXFileReference; fileEncoding = 4; lastKnownFileType = sourcecode.c.h; path = HelpViewController.h; sourceTree = "<group>"; };
		0930FD9D19FA4B24000045EF /* HelpViewController.m */ = {isa = PBXFileReference; fileEncoding = 4; lastKnownFileType = sourcecode.c.objc; path = HelpViewController.m; sourceTree = "<group>"; };
		0930FD9F19FA6107000045EF /* sep.png */ = {isa = PBXFileReference; lastKnownFileType = image.png; path = sep.png; sourceTree = "<group>"; };
		0930FDA019FA6108000045EF /* sep@2x.png */ = {isa = PBXFileReference; lastKnownFileType = image.png; path = "sep@2x.png"; sourceTree = "<group>"; };
		093B262F19F7EB850037FDFE /* Card.h */ = {isa = PBXFileReference; fileEncoding = 4; lastKnownFileType = sourcecode.c.h; name = Card.h; path = FilmSyncDemo/Models/Card.h; sourceTree = SOURCE_ROOT; };
		093B263019F7EB850037FDFE /* Card.m */ = {isa = PBXFileReference; fileEncoding = 4; lastKnownFileType = sourcecode.c.objc; name = Card.m; path = FilmSyncDemo/Models/Card.m; sourceTree = SOURCE_ROOT; };
		093B263219F7EB860037FDFE /* Project.h */ = {isa = PBXFileReference; fileEncoding = 4; lastKnownFileType = sourcecode.c.h; name = Project.h; path = FilmSyncDemo/Models/Project.h; sourceTree = SOURCE_ROOT; };
		093B263319F7EB860037FDFE /* Project.m */ = {isa = PBXFileReference; fileEncoding = 4; lastKnownFileType = sourcecode.c.objc; name = Project.m; path = FilmSyncDemo/Models/Project.m; sourceTree = SOURCE_ROOT; };
		093F1CC319F915DC0015779B /* tabIcon_Help.png */ = {isa = PBXFileReference; lastKnownFileType = image.png; path = tabIcon_Help.png; sourceTree = "<group>"; };
		093F1CC419F915DC0015779B /* tabIcon_Help@2x.png */ = {isa = PBXFileReference; lastKnownFileType = image.png; path = "tabIcon_Help@2x.png"; sourceTree = "<group>"; };
		093F1CC519F915DC0015779B /* tabIcon_Help@3x.png */ = {isa = PBXFileReference; lastKnownFileType = image.png; path = "tabIcon_Help@3x.png"; sourceTree = "<group>"; };
		093F1CC619F915DC0015779B /* tabIcon_ProjectList.png */ = {isa = PBXFileReference; lastKnownFileType = image.png; path = tabIcon_ProjectList.png; sourceTree = "<group>"; };
		093F1CC719F915DC0015779B /* tabIcon_ProjectList@2x.png */ = {isa = PBXFileReference; lastKnownFileType = image.png; path = "tabIcon_ProjectList@2x.png"; sourceTree = "<group>"; };
		093F1CC819F915DC0015779B /* tabIcon_ProjectList@3x.png */ = {isa = PBXFileReference; lastKnownFileType = image.png; path = "tabIcon_ProjectList@3x.png"; sourceTree = "<group>"; };
		093F1CD319F919AA0015779B /* tabIcon_Sync_Selected.png */ = {isa = PBXFileReference; lastKnownFileType = image.png; path = tabIcon_Sync_Selected.png; sourceTree = "<group>"; };
		093F1CD419F919AA0015779B /* tabIcon_Sync.png */ = {isa = PBXFileReference; lastKnownFileType = image.png; path = tabIcon_Sync.png; sourceTree = "<group>"; };
		093F1CD719F920C90015779B /* tabIcon_Sync_Selected@2x.png */ = {isa = PBXFileReference; lastKnownFileType = image.png; path = "tabIcon_Sync_Selected@2x.png"; sourceTree = "<group>"; };
		093F1CD819F920C90015779B /* tabIcon_Sync_Selected@3x.png */ = {isa = PBXFileReference; lastKnownFileType = image.png; path = "tabIcon_Sync_Selected@3x.png"; sourceTree = "<group>"; };
		093F1CD919F920C90015779B /* tabIcon_Sync@2x.png */ = {isa = PBXFileReference; lastKnownFileType = image.png; path = "tabIcon_Sync@2x.png"; sourceTree = "<group>"; };
		093F1CDA19F920C90015779B /* tabIcon_Sync@3x.png */ = {isa = PBXFileReference; lastKnownFileType = image.png; path = "tabIcon_Sync@3x.png"; sourceTree = "<group>"; };
		093F1CE019F923970015779B /* BackgroundImage.jpg */ = {isa = PBXFileReference; lastKnownFileType = image.jpeg; path = BackgroundImage.jpg; sourceTree = "<group>"; };
		093F1CE119F923970015779B /* BackgroundImage@2x.jpg */ = {isa = PBXFileReference; lastKnownFileType = image.jpeg; path = "BackgroundImage@2x.jpg"; sourceTree = "<group>"; };
		093F1CE219F923970015779B /* BackgroundImage@3x.jpg */ = {isa = PBXFileReference; lastKnownFileType = image.jpeg; path = "BackgroundImage@3x.jpg"; sourceTree = "<group>"; };
		096EDA0119EBA9DC00E1C56F /* CardsViewController.h */ = {isa = PBXFileReference; fileEncoding = 4; lastKnownFileType = sourcecode.c.h; path = CardsViewController.h; sourceTree = "<group>"; };
		096EDA0219EBA9DC00E1C56F /* CardsViewController.m */ = {isa = PBXFileReference; fileEncoding = 4; lastKnownFileType = sourcecode.c.objc; path = CardsViewController.m; sourceTree = "<group>"; };
		09869E921A0221FD00283D91 /* tabIcon_Help_Selected.png */ = {isa = PBXFileReference; lastKnownFileType = image.png; path = tabIcon_Help_Selected.png; sourceTree = "<group>"; };
		09869E931A0221FD00283D91 /* tabIcon_Help_Selected@2x.png */ = {isa = PBXFileReference; lastKnownFileType = image.png; path = "tabIcon_Help_Selected@2x.png"; sourceTree = "<group>"; };
		09869E941A0221FD00283D91 /* tabIcon_Help_Selected@3x.png */ = {isa = PBXFileReference; lastKnownFileType = image.png; path = "tabIcon_Help_Selected@3x.png"; sourceTree = "<group>"; };
		09869E951A0221FD00283D91 /* tabIcon_ProjectList_Selected.png */ = {isa = PBXFileReference; lastKnownFileType = image.png; path = tabIcon_ProjectList_Selected.png; sourceTree = "<group>"; };
		09869E961A0221FD00283D91 /* tabIcon_ProjectList_Selected@2x.png */ = {isa = PBXFileReference; lastKnownFileType = image.png; path = "tabIcon_ProjectList_Selected@2x.png"; sourceTree = "<group>"; };
		09869E971A0221FD00283D91 /* tabIcon_ProjectList_Selected@3x.png */ = {isa = PBXFileReference; lastKnownFileType = image.png; path = "tabIcon_ProjectList_Selected@3x.png"; sourceTree = "<group>"; };
		0986E54419FF60A30052187B /* SyncWave01.png */ = {isa = PBXFileReference; lastKnownFileType = image.png; path = SyncWave01.png; sourceTree = "<group>"; };
		0986E54519FF60A30052187B /* SyncWave02.png */ = {isa = PBXFileReference; lastKnownFileType = image.png; path = SyncWave02.png; sourceTree = "<group>"; };
		0986E54619FF60A30052187B /* SyncWave03.png */ = {isa = PBXFileReference; lastKnownFileType = image.png; path = SyncWave03.png; sourceTree = "<group>"; };
		0986E54719FF60A30052187B /* SyncWave04.png */ = {isa = PBXFileReference; lastKnownFileType = image.png; path = SyncWave04.png; sourceTree = "<group>"; };
		0986E54819FF60A30052187B /* SyncWave05.png */ = {isa = PBXFileReference; lastKnownFileType = image.png; path = SyncWave05.png; sourceTree = "<group>"; };
		0986E54919FF60A30052187B /* SyncWave06.png */ = {isa = PBXFileReference; lastKnownFileType = image.png; path = SyncWave06.png; sourceTree = "<group>"; };
		0986E54A19FF60A30052187B /* SyncWave07.png */ = {isa = PBXFileReference; lastKnownFileType = image.png; path = SyncWave07.png; sourceTree = "<group>"; };
		0986E54B19FF60A30052187B /* SyncWave08.png */ = {isa = PBXFileReference; lastKnownFileType = image.png; path = SyncWave08.png; sourceTree = "<group>"; };
		0986E54C19FF60A30052187B /* SyncWave09.png */ = {isa = PBXFileReference; lastKnownFileType = image.png; path = SyncWave09.png; sourceTree = "<group>"; };
		0986E54D19FF60A30052187B /* SyncWave10.png */ = {isa = PBXFileReference; lastKnownFileType = image.png; path = SyncWave10.png; sourceTree = "<group>"; };
		0986E54E19FF60A30052187B /* SyncWave11.png */ = {isa = PBXFileReference; lastKnownFileType = image.png; path = SyncWave11.png; sourceTree = "<group>"; };
		0986E54F19FF60A30052187B /* SyncWave12.png */ = {isa = PBXFileReference; lastKnownFileType = image.png; path = SyncWave12.png; sourceTree = "<group>"; };
		098B408619FE6E09006A9910 /* HelpPageViewController.h */ = {isa = PBXFileReference; fileEncoding = 4; lastKnownFileType = sourcecode.c.h; path = HelpPageViewController.h; sourceTree = "<group>"; };
		098B408719FE6E09006A9910 /* HelpPageViewController.m */ = {isa = PBXFileReference; fileEncoding = 4; lastKnownFileType = sourcecode.c.objc; path = HelpPageViewController.m; sourceTree = "<group>"; };
		098B408919FE878A006A9910 /* btn-512-TwitterCroped100.png */ = {isa = PBXFileReference; lastKnownFileType = image.png; path = "btn-512-TwitterCroped100.png"; sourceTree = "<group>"; };
		099DD56D1A03AFFC00A2B3D3 /* SS_1.png */ = {isa = PBXFileReference; lastKnownFileType = image.png; path = SS_1.png; sourceTree = "<group>"; };
		099DD56E1A03AFFC00A2B3D3 /* SS_2.png */ = {isa = PBXFileReference; lastKnownFileType = image.png; path = SS_2.png; sourceTree = "<group>"; };
		099DD56F1A03AFFC00A2B3D3 /* SS_3.png */ = {isa = PBXFileReference; lastKnownFileType = image.png; path = SS_3.png; sourceTree = "<group>"; };
		099DD5751A03B54700A2B3D3 /* SS_0.png */ = {isa = PBXFileReference; lastKnownFileType = image.png; path = SS_0.png; sourceTree = "<group>"; };
		09A18E7319C3175F00DFFD62 /* FilmSyncDemo.app */ = {isa = PBXFileReference; explicitFileType = wrapper.application; includeInIndex = 0; path = FilmSyncDemo.app; sourceTree = BUILT_PRODUCTS_DIR; };
		09A18E7619C3175F00DFFD62 /* Foundation.framework */ = {isa = PBXFileReference; lastKnownFileType = wrapper.framework; name = Foundation.framework; path = System/Library/Frameworks/Foundation.framework; sourceTree = SDKROOT; };
		09A18E7819C3175F00DFFD62 /* CoreGraphics.framework */ = {isa = PBXFileReference; lastKnownFileType = wrapper.framework; name = CoreGraphics.framework; path = System/Library/Frameworks/CoreGraphics.framework; sourceTree = SDKROOT; };
		09A18E7A19C3175F00DFFD62 /* UIKit.framework */ = {isa = PBXFileReference; lastKnownFileType = wrapper.framework; name = UIKit.framework; path = System/Library/Frameworks/UIKit.framework; sourceTree = SDKROOT; };
		09A18E7E19C3175F00DFFD62 /* FilmSyncDemo-Info.plist */ = {isa = PBXFileReference; lastKnownFileType = text.plist.xml; path = "FilmSyncDemo-Info.plist"; sourceTree = "<group>"; };
		09A18E8019C3175F00DFFD62 /* en */ = {isa = PBXFileReference; lastKnownFileType = text.plist.strings; name = en; path = en.lproj/InfoPlist.strings; sourceTree = "<group>"; };
		09A18E8219C3175F00DFFD62 /* main.m */ = {isa = PBXFileReference; lastKnownFileType = sourcecode.c.objc; path = main.m; sourceTree = "<group>"; };
		09A18E8419C3175F00DFFD62 /* FilmSyncDemo-Prefix.pch */ = {isa = PBXFileReference; lastKnownFileType = sourcecode.c.h; path = "FilmSyncDemo-Prefix.pch"; sourceTree = "<group>"; };
		09A18E8519C3175F00DFFD62 /* AppDelegate.h */ = {isa = PBXFileReference; lastKnownFileType = sourcecode.c.h; path = AppDelegate.h; sourceTree = "<group>"; };
		09A18E8619C3175F00DFFD62 /* AppDelegate.m */ = {isa = PBXFileReference; lastKnownFileType = sourcecode.c.objc; path = AppDelegate.m; sourceTree = "<group>"; };
		09A18E8919C3175F00DFFD62 /* Base */ = {isa = PBXFileReference; lastKnownFileType = file.storyboard; name = Base; path = Base.lproj/Main_iPhone.storyboard; sourceTree = "<group>"; };
		09A18E9119C3175F00DFFD62 /* Images.xcassets */ = {isa = PBXFileReference; lastKnownFileType = folder.assetcatalog; name = Images.xcassets; path = FilmSyncDemo/Images.xcassets; sourceTree = "<group>"; };
		09A18E9719C3175F00DFFD62 /* FilmSyncDemoTests.xctest */ = {isa = PBXFileReference; explicitFileType = wrapper.cfbundle; includeInIndex = 0; path = FilmSyncDemoTests.xctest; sourceTree = BUILT_PRODUCTS_DIR; };
		09A18EA019C3175F00DFFD62 /* FilmSyncDemoTests-Info.plist */ = {isa = PBXFileReference; lastKnownFileType = text.plist.xml; path = "FilmSyncDemoTests-Info.plist"; sourceTree = "<group>"; };
		09A18EA219C3175F00DFFD62 /* en */ = {isa = PBXFileReference; lastKnownFileType = text.plist.strings; name = en; path = en.lproj/InfoPlist.strings; sourceTree = "<group>"; };
		09A18EA419C3175F00DFFD62 /* FilmSyncDemoTests.m */ = {isa = PBXFileReference; lastKnownFileType = sourcecode.c.objc; path = FilmSyncDemoTests.m; sourceTree = "<group>"; };
		09A18ECF19C3185A00DFFD62 /* Accelerate.framework */ = {isa = PBXFileReference; lastKnownFileType = wrapper.framework; name = Accelerate.framework; path = System/Library/Frameworks/Accelerate.framework; sourceTree = SDKROOT; };
		09A18ED019C3185A00DFFD62 /* AudioToolbox.framework */ = {isa = PBXFileReference; lastKnownFileType = wrapper.framework; name = AudioToolbox.framework; path = System/Library/Frameworks/AudioToolbox.framework; sourceTree = SDKROOT; };
		09A18ED119C3185A00DFFD62 /* AVFoundation.framework */ = {isa = PBXFileReference; lastKnownFileType = wrapper.framework; name = AVFoundation.framework; path = System/Library/Frameworks/AVFoundation.framework; sourceTree = SDKROOT; };
		09A18ED219C3185A00DFFD62 /* CoreAudio.framework */ = {isa = PBXFileReference; lastKnownFileType = wrapper.framework; name = CoreAudio.framework; path = System/Library/Frameworks/CoreAudio.framework; sourceTree = SDKROOT; };
		09A18ED319C3185A00DFFD62 /* CoreFoundation.framework */ = {isa = PBXFileReference; lastKnownFileType = wrapper.framework; name = CoreFoundation.framework; path = System/Library/Frameworks/CoreFoundation.framework; sourceTree = SDKROOT; };
		09A18EDC19C3214900DFFD62 /* libc++.dylib */ = {isa = PBXFileReference; lastKnownFileType = "compiled.mach-o.dylib"; name = "libc++.dylib"; path = "usr/lib/libc++.dylib"; sourceTree = SDKROOT; };
		09AFB45B1A14CF3F00DE3E37 /* Constants.h */ = {isa = PBXFileReference; fileEncoding = 4; lastKnownFileType = sourcecode.c.h; path = Constants.h; sourceTree = "<group>"; };
		09B17BD819F4E69C0026E06D /* GCArraySectionController.h */ = {isa = PBXFileReference; fileEncoding = 4; lastKnownFileType = sourcecode.c.h; path = GCArraySectionController.h; sourceTree = "<group>"; };
		09B17BD919F4E69C0026E06D /* GCArraySectionController.m */ = {isa = PBXFileReference; fileEncoding = 4; lastKnownFileType = sourcecode.c.objc; path = GCArraySectionController.m; sourceTree = "<group>"; };
		09B17BDB19F4E69C0026E06D /* GCRetractableSectionController.h */ = {isa = PBXFileReference; fileEncoding = 4; lastKnownFileType = sourcecode.c.h; path = GCRetractableSectionController.h; sourceTree = "<group>"; };
		09B17BDC19F4E69C0026E06D /* GCRetractableSectionController.m */ = {isa = PBXFileReference; fileEncoding = 4; lastKnownFileType = sourcecode.c.objc; path = GCRetractableSectionController.m; sourceTree = "<group>"; };
		09B17BDE19F4E69C0026E06D /* DownAccessory.png */ = {isa = PBXFileReference; lastKnownFileType = image.png; path = DownAccessory.png; sourceTree = "<group>"; };
		09B17BDF19F4E69C0026E06D /* DownAccessory@2x.png */ = {isa = PBXFileReference; lastKnownFileType = image.png; path = "DownAccessory@2x.png"; sourceTree = "<group>"; };
		09B17BE019F4E69C0026E06D /* DownAccessoryWhite.png */ = {isa = PBXFileReference; lastKnownFileType = image.png; path = DownAccessoryWhite.png; sourceTree = "<group>"; };
		09B17BE119F4E69C0026E06D /* DownAccessoryWhite@2x.png */ = {isa = PBXFileReference; lastKnownFileType = image.png; path = "DownAccessoryWhite@2x.png"; sourceTree = "<group>"; };
		09B17BE219F4E69C0026E06D /* UpAccessory.png */ = {isa = PBXFileReference; lastKnownFileType = image.png; path = UpAccessory.png; sourceTree = "<group>"; };
		09B17BE319F4E69C0026E06D /* UpAccessory@2x.png */ = {isa = PBXFileReference; lastKnownFileType = image.png; path = "UpAccessory@2x.png"; sourceTree = "<group>"; };
		09B17BE419F4E69C0026E06D /* UpAccessoryWhite.png */ = {isa = PBXFileReference; lastKnownFileType = image.png; path = UpAccessoryWhite.png; sourceTree = "<group>"; };
		09B17BE519F4E69C0026E06D /* UpAccessoryWhite@2x.png */ = {isa = PBXFileReference; lastKnownFileType = image.png; path = "UpAccessoryWhite@2x.png"; sourceTree = "<group>"; };
		09B17BF019F4E7200026E06D /* ProjectListViewController.h */ = {isa = PBXFileReference; fileEncoding = 4; lastKnownFileType = sourcecode.c.h; path = ProjectListViewController.h; sourceTree = "<group>"; };
		09B17BF119F4E7200026E06D /* ProjectListViewController.m */ = {isa = PBXFileReference; fileEncoding = 4; lastKnownFileType = sourcecode.c.objc; path = ProjectListViewController.m; sourceTree = "<group>"; };
		09B17BF519F5422D0026E06D /* CoreData.h */ = {isa = PBXFileReference; fileEncoding = 4; lastKnownFileType = sourcecode.c.h; path = CoreData.h; sourceTree = "<group>"; };
		09B17BF619F5422D0026E06D /* CoreData.m */ = {isa = PBXFileReference; fileEncoding = 4; lastKnownFileType = sourcecode.c.objc; path = CoreData.m; sourceTree = "<group>"; };
		09B17BF719F5422D0026E06D /* CoreDataAdditions.h */ = {isa = PBXFileReference; fileEncoding = 4; lastKnownFileType = sourcecode.c.h; path = CoreDataAdditions.h; sourceTree = "<group>"; };
		09B17BF819F5422D0026E06D /* CoreDataAdditions.m */ = {isa = PBXFileReference; fileEncoding = 4; lastKnownFileType = sourcecode.c.objc; path = CoreDataAdditions.m; sourceTree = "<group>"; };
		09B17BFD19F542E60026E06D /* FilmSyncModel.xcdatamodel */ = {isa = PBXFileReference; lastKnownFileType = wrapper.xcdatamodel; path = FilmSyncModel.xcdatamodel; sourceTree = "<group>"; };
		09BD42BA1A1F18F7000EBA91 /* FilmSync.h */ = {isa = PBXFileReference; fileEncoding = 4; lastKnownFileType = sourcecode.c.h; path = FilmSync.h; sourceTree = "<group>"; };
		09BD42BB1A1F18F7000EBA91 /* libFilmSync.a */ = {isa = PBXFileReference; lastKnownFileType = archive.ar; path = libFilmSync.a; sourceTree = "<group>"; };
/* End PBXFileReference section */

/* Begin PBXFrameworksBuildPhase section */
		09A18E7019C3175F00DFFD62 /* Frameworks */ = {
			isa = PBXFrameworksBuildPhase;
			buildActionMask = 2147483647;
			files = (
				09A18EDD19C3214900DFFD62 /* libc++.dylib in Frameworks */,
				09A18ED419C3185A00DFFD62 /* Accelerate.framework in Frameworks */,
				09A18ED519C3185A00DFFD62 /* AudioToolbox.framework in Frameworks */,
				09A18ED619C3185A00DFFD62 /* AVFoundation.framework in Frameworks */,
				09A18ED719C3185A00DFFD62 /* CoreAudio.framework in Frameworks */,
				09A18ED819C3185A00DFFD62 /* CoreFoundation.framework in Frameworks */,
				09A18E7919C3175F00DFFD62 /* CoreGraphics.framework in Frameworks */,
				09A18E7B19C3175F00DFFD62 /* UIKit.framework in Frameworks */,
				09BD42BC1A1F18F7000EBA91 /* libFilmSync.a in Frameworks */,
				09A18E7719C3175F00DFFD62 /* Foundation.framework in Frameworks */,
			);
			runOnlyForDeploymentPostprocessing = 0;
		};
		09A18E9419C3175F00DFFD62 /* Frameworks */ = {
			isa = PBXFrameworksBuildPhase;
			buildActionMask = 2147483647;
			files = (
				09A18E9B19C3175F00DFFD62 /* UIKit.framework in Frameworks */,
				09A18E9A19C3175F00DFFD62 /* Foundation.framework in Frameworks */,
			);
			runOnlyForDeploymentPostprocessing = 0;
		};
/* End PBXFrameworksBuildPhase section */

/* Begin PBXGroup section */
		093F1CC219F915DC0015779B /* TabIcons */ = {
			isa = PBXGroup;
			children = (
				09869E921A0221FD00283D91 /* tabIcon_Help_Selected.png */,
				09869E931A0221FD00283D91 /* tabIcon_Help_Selected@2x.png */,
				09869E941A0221FD00283D91 /* tabIcon_Help_Selected@3x.png */,
				09869E951A0221FD00283D91 /* tabIcon_ProjectList_Selected.png */,
				09869E961A0221FD00283D91 /* tabIcon_ProjectList_Selected@2x.png */,
				09869E971A0221FD00283D91 /* tabIcon_ProjectList_Selected@3x.png */,
				093F1CC319F915DC0015779B /* tabIcon_Help.png */,
				093F1CC419F915DC0015779B /* tabIcon_Help@2x.png */,
				093F1CC519F915DC0015779B /* tabIcon_Help@3x.png */,
				093F1CC619F915DC0015779B /* tabIcon_ProjectList.png */,
				093F1CC719F915DC0015779B /* tabIcon_ProjectList@2x.png */,
				093F1CC819F915DC0015779B /* tabIcon_ProjectList@3x.png */,
				093F1CD319F919AA0015779B /* tabIcon_Sync_Selected.png */,
				093F1CD719F920C90015779B /* tabIcon_Sync_Selected@2x.png */,
				093F1CD819F920C90015779B /* tabIcon_Sync_Selected@3x.png */,
				093F1CD419F919AA0015779B /* tabIcon_Sync.png */,
				093F1CD919F920C90015779B /* tabIcon_Sync@2x.png */,
				093F1CDA19F920C90015779B /* tabIcon_Sync@3x.png */,
			);
			path = TabIcons;
			sourceTree = "<group>";
		};
		093F1CDF19F923970015779B /* Backgound */ = {
			isa = PBXGroup;
			children = (
				093F1CE019F923970015779B /* BackgroundImage.jpg */,
				093F1CE119F923970015779B /* BackgroundImage@2x.jpg */,
				093F1CE219F923970015779B /* BackgroundImage@3x.jpg */,
			);
			path = Backgound;
			sourceTree = "<group>";
		};
		0941007919CAA56100E806F6 /* Views */ = {
			isa = PBXGroup;
			children = (
				09A18E8819C3175F00DFFD62 /* Main_iPhone.storyboard */,
			);
			name = Views;
			sourceTree = "<group>";
		};
		0941007A19CAA56A00E806F6 /* Controllers */ = {
			isa = PBXGroup;
			children = (
				09B17BF019F4E7200026E06D /* ProjectListViewController.h */,
				09B17BF119F4E7200026E06D /* ProjectListViewController.m */,
				096EDA0119EBA9DC00E1C56F /* CardsViewController.h */,
				096EDA0219EBA9DC00E1C56F /* CardsViewController.m */,
				0930FD9C19FA4B24000045EF /* HelpViewController.h */,
				0930FD9D19FA4B24000045EF /* HelpViewController.m */,
				098B408619FE6E09006A9910 /* HelpPageViewController.h */,
				098B408719FE6E09006A9910 /* HelpPageViewController.m */,
			);
			name = Controllers;
			sourceTree = "<group>";
		};
		0941007B19CAA5A000E806F6 /* Delegate */ = {
			isa = PBXGroup;
			children = (
				09A18E8519C3175F00DFFD62 /* AppDelegate.h */,
				09A18E8619C3175F00DFFD62 /* AppDelegate.m */,
			);
			name = Delegate;
			sourceTree = "<group>";
		};
		09418BF519D1947000C6588E /* Libraries */ = {
			isa = PBXGroup;
			children = (
				09BD42B71A1F18F7000EBA91 /* FilmSyncLib */,
				09B17BD719F4E69C0026E06D /* ExpandingTable */,
			);
			name = Libraries;
			sourceTree = "<group>";
		};
		0986E54319FF60A30052187B /* SyncAnimation */ = {
			isa = PBXGroup;
			children = (
				0986E54419FF60A30052187B /* SyncWave01.png */,
				0986E54519FF60A30052187B /* SyncWave02.png */,
				0986E54619FF60A30052187B /* SyncWave03.png */,
				0986E54719FF60A30052187B /* SyncWave04.png */,
				0986E54819FF60A30052187B /* SyncWave05.png */,
				0986E54919FF60A30052187B /* SyncWave06.png */,
				0986E54A19FF60A30052187B /* SyncWave07.png */,
				0986E54B19FF60A30052187B /* SyncWave08.png */,
				0986E54C19FF60A30052187B /* SyncWave09.png */,
				0986E54D19FF60A30052187B /* SyncWave10.png */,
				0986E54E19FF60A30052187B /* SyncWave11.png */,
				0986E54F19FF60A30052187B /* SyncWave12.png */,
			);
			path = SyncAnimation;
			sourceTree = "<group>";
		};
		099DD56A1A03AFFC00A2B3D3 /* FilmSync_SS */ = {
			isa = PBXGroup;
			children = (
				099DD5751A03B54700A2B3D3 /* SS_0.png */,
				099DD56D1A03AFFC00A2B3D3 /* SS_1.png */,
				099DD56E1A03AFFC00A2B3D3 /* SS_2.png */,
				099DD56F1A03AFFC00A2B3D3 /* SS_3.png */,
			);
			path = FilmSync_SS;
			sourceTree = "<group>";
		};
		09A18E6A19C3175F00DFFD62 = {
			isa = PBXGroup;
			children = (
				09A18E7C19C3175F00DFFD62 /* FilmSyncDemo */,
				09A18E9119C3175F00DFFD62 /* Images.xcassets */,
				09A18E7D19C3175F00DFFD62 /* Supporting Files */,
				09A18E9E19C3175F00DFFD62 /* FilmSyncDemoTests */,
				09A18E7519C3175F00DFFD62 /* Frameworks */,
				09A18E7419C3175F00DFFD62 /* Products */,
			);
			sourceTree = "<group>";
		};
		09A18E7419C3175F00DFFD62 /* Products */ = {
			isa = PBXGroup;
			children = (
				09A18E7319C3175F00DFFD62 /* FilmSyncDemo.app */,
				09A18E9719C3175F00DFFD62 /* FilmSyncDemoTests.xctest */,
			);
			name = Products;
			sourceTree = "<group>";
		};
		09A18E7519C3175F00DFFD62 /* Frameworks */ = {
			isa = PBXGroup;
			children = (
				09A18EDC19C3214900DFFD62 /* libc++.dylib */,
				09A18ECF19C3185A00DFFD62 /* Accelerate.framework */,
				09A18ED019C3185A00DFFD62 /* AudioToolbox.framework */,
				09A18ED119C3185A00DFFD62 /* AVFoundation.framework */,
				09A18ED219C3185A00DFFD62 /* CoreAudio.framework */,
				09A18ED319C3185A00DFFD62 /* CoreFoundation.framework */,
				09A18E7619C3175F00DFFD62 /* Foundation.framework */,
				09A18E7819C3175F00DFFD62 /* CoreGraphics.framework */,
				09A18E7A19C3175F00DFFD62 /* UIKit.framework */,
			);
			name = Frameworks;
			sourceTree = "<group>";
		};
		09A18E7C19C3175F00DFFD62 /* FilmSyncDemo */ = {
			isa = PBXGroup;
			children = (
				0941007B19CAA5A000E806F6 /* Delegate */,
				0941007A19CAA56A00E806F6 /* Controllers */,
				0941007919CAA56100E806F6 /* Views */,
				09B17BF319F5422D0026E06D /* CoreData */,
				09418BF519D1947000C6588E /* Libraries */,
				09A18EB619C317F200DFFD62 /* Resources */,
				09AFB45B1A14CF3F00DE3E37 /* Constants.h */,
			);
			path = FilmSyncDemo;
			sourceTree = "<group>";
		};
		09A18E7D19C3175F00DFFD62 /* Supporting Files */ = {
			isa = PBXGroup;
			children = (
				09A18E7E19C3175F00DFFD62 /* FilmSyncDemo-Info.plist */,
				09A18E7F19C3175F00DFFD62 /* InfoPlist.strings */,
				09A18E8219C3175F00DFFD62 /* main.m */,
				09A18E8419C3175F00DFFD62 /* FilmSyncDemo-Prefix.pch */,
			);
			name = "Supporting Files";
			path = FilmSyncDemo;
			sourceTree = "<group>";
		};
		09A18E9E19C3175F00DFFD62 /* FilmSyncDemoTests */ = {
			isa = PBXGroup;
			children = (
				09A18EA419C3175F00DFFD62 /* FilmSyncDemoTests.m */,
				09A18E9F19C3175F00DFFD62 /* Supporting Files */,
			);
			path = FilmSyncDemoTests;
			sourceTree = "<group>";
		};
		09A18E9F19C3175F00DFFD62 /* Supporting Files */ = {
			isa = PBXGroup;
			children = (
				09A18EA019C3175F00DFFD62 /* FilmSyncDemoTests-Info.plist */,
				09A18EA119C3175F00DFFD62 /* InfoPlist.strings */,
			);
			name = "Supporting Files";
			sourceTree = "<group>";
		};
		09A18EB619C317F200DFFD62 /* Resources */ = {
			isa = PBXGroup;
			children = (
				099DD56A1A03AFFC00A2B3D3 /* FilmSync_SS */,
				0986E54319FF60A30052187B /* SyncAnimation */,
				0930FD9F19FA6107000045EF /* sep.png */,
				0930FDA019FA6108000045EF /* sep@2x.png */,
				098B408919FE878A006A9910 /* btn-512-TwitterCroped100.png */,
				093F1CDF19F923970015779B /* Backgound */,
				093F1CC219F915DC0015779B /* TabIcons */,
			);
			name = Resources;
			sourceTree = "<group>";
		};
		09B17BD719F4E69C0026E06D /* ExpandingTable */ = {
			isa = PBXGroup;
			children = (
				09B17BD819F4E69C0026E06D /* GCArraySectionController.h */,
				09B17BD919F4E69C0026E06D /* GCArraySectionController.m */,
				09B17BDA19F4E69C0026E06D /* GCRetractableSectionController */,
			);
			path = ExpandingTable;
			sourceTree = "<group>";
		};
		09B17BDA19F4E69C0026E06D /* GCRetractableSectionController */ = {
			isa = PBXGroup;
			children = (
				09B17BDB19F4E69C0026E06D /* GCRetractableSectionController.h */,
				09B17BDC19F4E69C0026E06D /* GCRetractableSectionController.m */,
				09B17BDD19F4E69C0026E06D /* Images */,
			);
			path = GCRetractableSectionController;
			sourceTree = "<group>";
		};
		09B17BDD19F4E69C0026E06D /* Images */ = {
			isa = PBXGroup;
			children = (
				09B17BDE19F4E69C0026E06D /* DownAccessory.png */,
				09B17BDF19F4E69C0026E06D /* DownAccessory@2x.png */,
				09B17BE019F4E69C0026E06D /* DownAccessoryWhite.png */,
				09B17BE119F4E69C0026E06D /* DownAccessoryWhite@2x.png */,
				09B17BE219F4E69C0026E06D /* UpAccessory.png */,
				09B17BE319F4E69C0026E06D /* UpAccessory@2x.png */,
				09B17BE419F4E69C0026E06D /* UpAccessoryWhite.png */,
				09B17BE519F4E69C0026E06D /* UpAccessoryWhite@2x.png */,
			);
			path = Images;
			sourceTree = "<group>";
		};
		09B17BF319F5422D0026E06D /* CoreData */ = {
			isa = PBXGroup;
			children = (
				09B17BF419F5422D0026E06D /* DataBase Handler */,
				09B17BF919F5422D0026E06D /* Models */,
				09B17BFC19F542E60026E06D /* FilmSyncModel.xcdatamodeld */,
			);
			path = CoreData;
			sourceTree = "<group>";
		};
		09B17BF419F5422D0026E06D /* DataBase Handler */ = {
			isa = PBXGroup;
			children = (
				09B17BF519F5422D0026E06D /* CoreData.h */,
				09B17BF619F5422D0026E06D /* CoreData.m */,
				09B17BF719F5422D0026E06D /* CoreDataAdditions.h */,
				09B17BF819F5422D0026E06D /* CoreDataAdditions.m */,
			);
			path = "DataBase Handler";
			sourceTree = "<group>";
		};
		09B17BF919F5422D0026E06D /* Models */ = {
			isa = PBXGroup;
			children = (
				093B263219F7EB860037FDFE /* Project.h */,
				093B263319F7EB860037FDFE /* Project.m */,
				093B262F19F7EB850037FDFE /* Card.h */,
				093B263019F7EB850037FDFE /* Card.m */,
			);
			path = Models;
			sourceTree = "<group>";
		};
		09BD42B71A1F18F7000EBA91 /* FilmSyncLib */ = {
			isa = PBXGroup;
			children = (
				09BD42B81A1F18F7000EBA91 /* include */,
				09BD42BB1A1F18F7000EBA91 /* libFilmSync.a */,
			);
			path = FilmSyncLib;
			sourceTree = "<group>";
		};
		09BD42B81A1F18F7000EBA91 /* include */ = {
			isa = PBXGroup;
			children = (
				09BD42B91A1F18F7000EBA91 /* FilmSync */,
			);
			path = include;
			sourceTree = "<group>";
		};
		09BD42B91A1F18F7000EBA91 /* FilmSync */ = {
			isa = PBXGroup;
			children = (
				09BD42BA1A1F18F7000EBA91 /* FilmSync.h */,
			);
			path = FilmSync;
			sourceTree = "<group>";
		};
/* End PBXGroup section */

/* Begin PBXNativeTarget section */
		09A18E7219C3175F00DFFD62 /* FilmSyncDemo */ = {
			isa = PBXNativeTarget;
			buildConfigurationList = 09A18EA819C3175F00DFFD62 /* Build configuration list for PBXNativeTarget "FilmSyncDemo" */;
			buildPhases = (
				09A18E6F19C3175F00DFFD62 /* Sources */,
				09A18E7019C3175F00DFFD62 /* Frameworks */,
				09A18E7119C3175F00DFFD62 /* Resources */,
			);
			buildRules = (
			);
			dependencies = (
			);
			name = FilmSyncDemo;
			productName = FilmSyncDemo;
			productReference = 09A18E7319C3175F00DFFD62 /* FilmSyncDemo.app */;
			productType = "com.apple.product-type.application";
		};
		09A18E9619C3175F00DFFD62 /* FilmSyncDemoTests */ = {
			isa = PBXNativeTarget;
			buildConfigurationList = 09A18EAB19C3175F00DFFD62 /* Build configuration list for PBXNativeTarget "FilmSyncDemoTests" */;
			buildPhases = (
				09A18E9319C3175F00DFFD62 /* Sources */,
				09A18E9419C3175F00DFFD62 /* Frameworks */,
				09A18E9519C3175F00DFFD62 /* Resources */,
			);
			buildRules = (
			);
			dependencies = (
				09A18E9D19C3175F00DFFD62 /* PBXTargetDependency */,
			);
			name = FilmSyncDemoTests;
			productName = FilmSyncDemoTests;
			productReference = 09A18E9719C3175F00DFFD62 /* FilmSyncDemoTests.xctest */;
			productType = "com.apple.product-type.bundle.unit-test";
		};
/* End PBXNativeTarget section */

/* Begin PBXProject section */
		09A18E6B19C3175F00DFFD62 /* Project object */ = {
			isa = PBXProject;
			attributes = {
				LastUpgradeCheck = 0610;
				ORGANIZATIONNAME = Fingent;
				TargetAttributes = {
					09A18E9619C3175F00DFFD62 = {
						TestTargetID = 09A18E7219C3175F00DFFD62;
					};
				};
			};
			buildConfigurationList = 09A18E6E19C3175F00DFFD62 /* Build configuration list for PBXProject "FilmSyncDemo" */;
			compatibilityVersion = "Xcode 3.2";
			developmentRegion = English;
			hasScannedForEncodings = 0;
			knownRegions = (
				en,
				Base,
			);
			mainGroup = 09A18E6A19C3175F00DFFD62;
			productRefGroup = 09A18E7419C3175F00DFFD62 /* Products */;
			projectDirPath = "";
			projectRoot = "";
			targets = (
				09A18E7219C3175F00DFFD62 /* FilmSyncDemo */,
				09A18E9619C3175F00DFFD62 /* FilmSyncDemoTests */,
			);
		};
/* End PBXProject section */

/* Begin PBXResourcesBuildPhase section */
		09A18E7119C3175F00DFFD62 /* Resources */ = {
			isa = PBXResourcesBuildPhase;
			buildActionMask = 2147483647;
			files = (
				0986E55519FF60A30052187B /* SyncWave06.png in Resources */,
				093F1CE419F923970015779B /* BackgroundImage@2x.jpg in Resources */,
				093F1CDE19F920CA0015779B /* tabIcon_Sync@3x.png in Resources */,
				0986E55B19FF60A30052187B /* SyncWave12.png in Resources */,
				0986E55219FF60A30052187B /* SyncWave03.png in Resources */,
				09A18E9219C3175F00DFFD62 /* Images.xcassets in Resources */,
				093F1CDD19F920CA0015779B /* tabIcon_Sync@2x.png in Resources */,
				093F1CE319F923970015779B /* BackgroundImage.jpg in Resources */,
				0986E55619FF60A30052187B /* SyncWave07.png in Resources */,
				0986E55719FF60A30052187B /* SyncWave08.png in Resources */,
				0986E55119FF60A30052187B /* SyncWave02.png in Resources */,
				099DD5761A03B54700A2B3D3 /* SS_0.png in Resources */,
				09B17BE919F4E69C0026E06D /* DownAccessory@2x.png in Resources */,
				093F1CD019F915DD0015779B /* tabIcon_ProjectList@3x.png in Resources */,
				093F1CCD19F915DD0015779B /* tabIcon_Help@3x.png in Resources */,
				098B408A19FE878B006A9910 /* btn-512-TwitterCroped100.png in Resources */,
				09B17BEE19F4E69C0026E06D /* UpAccessoryWhite.png in Resources */,
				0986E55319FF60A30052187B /* SyncWave04.png in Resources */,
				0986E55919FF60A30052187B /* SyncWave10.png in Resources */,
				09869E9D1A0221FD00283D91 /* tabIcon_ProjectList_Selected@3x.png in Resources */,
				093F1CDC19F920CA0015779B /* tabIcon_Sync_Selected@3x.png in Resources */,
				09B17BEC19F4E69C0026E06D /* UpAccessory.png in Resources */,
				093F1CCE19F915DD0015779B /* tabIcon_ProjectList.png in Resources */,
				09B17BED19F4E69C0026E06D /* UpAccessory@2x.png in Resources */,
				0930FDA119FA6108000045EF /* sep.png in Resources */,
				093F1CCB19F915DD0015779B /* tabIcon_Help.png in Resources */,
				0930FDA219FA6108000045EF /* sep@2x.png in Resources */,
				09B17BEA19F4E69C0026E06D /* DownAccessoryWhite.png in Resources */,
				093F1CCC19F915DD0015779B /* tabIcon_Help@2x.png in Resources */,
				099DD5731A03AFFC00A2B3D3 /* SS_2.png in Resources */,
				093F1CD519F919AA0015779B /* tabIcon_Sync_Selected.png in Resources */,
				099DD5721A03AFFC00A2B3D3 /* SS_1.png in Resources */,
				09869E9B1A0221FD00283D91 /* tabIcon_ProjectList_Selected.png in Resources */,
				09B17BEF19F4E69C0026E06D /* UpAccessoryWhite@2x.png in Resources */,
				093F1CCF19F915DD0015779B /* tabIcon_ProjectList@2x.png in Resources */,
				093F1CDB19F920C90015779B /* tabIcon_Sync_Selected@2x.png in Resources */,
				09A18E8A19C3175F00DFFD62 /* Main_iPhone.storyboard in Resources */,
				09869E9C1A0221FD00283D91 /* tabIcon_ProjectList_Selected@2x.png in Resources */,
				0986E55819FF60A30052187B /* SyncWave09.png in Resources */,
				09A18E8119C3175F00DFFD62 /* InfoPlist.strings in Resources */,
				099DD5741A03AFFC00A2B3D3 /* SS_3.png in Resources */,
				09869E991A0221FD00283D91 /* tabIcon_Help_Selected@2x.png in Resources */,
				09869E981A0221FD00283D91 /* tabIcon_Help_Selected.png in Resources */,
				0986E55A19FF60A30052187B /* SyncWave11.png in Resources */,
				093F1CE519F923970015779B /* BackgroundImage@3x.jpg in Resources */,
				09B17BE819F4E69C0026E06D /* DownAccessory.png in Resources */,
				0986E55419FF60A30052187B /* SyncWave05.png in Resources */,
				0986E55019FF60A30052187B /* SyncWave01.png in Resources */,
				09B17BEB19F4E69C0026E06D /* DownAccessoryWhite@2x.png in Resources */,
				093F1CD619F919AA0015779B /* tabIcon_Sync.png in Resources */,
				09869E9A1A0221FD00283D91 /* tabIcon_Help_Selected@3x.png in Resources */,
			);
			runOnlyForDeploymentPostprocessing = 0;
		};
		09A18E9519C3175F00DFFD62 /* Resources */ = {
			isa = PBXResourcesBuildPhase;
			buildActionMask = 2147483647;
			files = (
				09A18EA319C3175F00DFFD62 /* InfoPlist.strings in Resources */,
			);
			runOnlyForDeploymentPostprocessing = 0;
		};
/* End PBXResourcesBuildPhase section */

/* Begin PBXSourcesBuildPhase section */
		09A18E6F19C3175F00DFFD62 /* Sources */ = {
			isa = PBXSourcesBuildPhase;
			buildActionMask = 2147483647;
			files = (
				098B408819FE6E09006A9910 /* HelpPageViewController.m in Sources */,
				09B17BFB19F5422D0026E06D /* CoreDataAdditions.m in Sources */,
				096EDA0319EBA9DC00E1C56F /* CardsViewController.m in Sources */,
				093B263119F7EB850037FDFE /* Card.m in Sources */,
				09B17BF219F4E7200026E06D /* ProjectListViewController.m in Sources */,
				09B17BE619F4E69C0026E06D /* GCArraySectionController.m in Sources */,
				09B17BFA19F5422D0026E06D /* CoreData.m in Sources */,
				09A18E8719C3175F00DFFD62 /* AppDelegate.m in Sources */,
				09B17BFE19F542E60026E06D /* FilmSyncModel.xcdatamodeld in Sources */,
				093B263419F7EB860037FDFE /* Project.m in Sources */,
				09A18E8319C3175F00DFFD62 /* main.m in Sources */,
				09B17BE719F4E69C0026E06D /* GCRetractableSectionController.m in Sources */,
				0930FD9E19FA4B24000045EF /* HelpViewController.m in Sources */,
			);
			runOnlyForDeploymentPostprocessing = 0;
		};
		09A18E9319C3175F00DFFD62 /* Sources */ = {
			isa = PBXSourcesBuildPhase;
			buildActionMask = 2147483647;
			files = (
				09A18EA519C3175F00DFFD62 /* FilmSyncDemoTests.m in Sources */,
			);
			runOnlyForDeploymentPostprocessing = 0;
		};
/* End PBXSourcesBuildPhase section */

/* Begin PBXTargetDependency section */
		09A18E9D19C3175F00DFFD62 /* PBXTargetDependency */ = {
			isa = PBXTargetDependency;
			target = 09A18E7219C3175F00DFFD62 /* FilmSyncDemo */;
			targetProxy = 09A18E9C19C3175F00DFFD62 /* PBXContainerItemProxy */;
		};
/* End PBXTargetDependency section */

/* Begin PBXVariantGroup section */
		09A18E7F19C3175F00DFFD62 /* InfoPlist.strings */ = {
			isa = PBXVariantGroup;
			children = (
				09A18E8019C3175F00DFFD62 /* en */,
			);
			name = InfoPlist.strings;
			sourceTree = "<group>";
		};
		09A18E8819C3175F00DFFD62 /* Main_iPhone.storyboard */ = {
			isa = PBXVariantGroup;
			children = (
				09A18E8919C3175F00DFFD62 /* Base */,
			);
			name = Main_iPhone.storyboard;
			sourceTree = "<group>";
		};
		09A18EA119C3175F00DFFD62 /* InfoPlist.strings */ = {
			isa = PBXVariantGroup;
			children = (
				09A18EA219C3175F00DFFD62 /* en */,
			);
			name = InfoPlist.strings;
			sourceTree = "<group>";
		};
/* End PBXVariantGroup section */

/* Begin XCBuildConfiguration section */
		09A18EA619C3175F00DFFD62 /* Debug */ = {
			isa = XCBuildConfiguration;
			buildSettings = {
				ALWAYS_SEARCH_USER_PATHS = NO;
				CLANG_CXX_LANGUAGE_STANDARD = "gnu++0x";
				CLANG_CXX_LIBRARY = "libc++";
				CLANG_ENABLE_MODULES = YES;
				CLANG_ENABLE_OBJC_ARC = YES;
				CLANG_WARN_BOOL_CONVERSION = YES;
				CLANG_WARN_CONSTANT_CONVERSION = YES;
				CLANG_WARN_DIRECT_OBJC_ISA_USAGE = YES_ERROR;
				CLANG_WARN_EMPTY_BODY = YES;
				CLANG_WARN_ENUM_CONVERSION = YES;
				CLANG_WARN_INT_CONVERSION = YES;
				CLANG_WARN_OBJC_ROOT_CLASS = YES_ERROR;
				CLANG_WARN__DUPLICATE_METHOD_MATCH = YES;
				"CODE_SIGN_IDENTITY[sdk=iphoneos*]" = "iPhone Developer";
				COPY_PHASE_STRIP = NO;
				GCC_C_LANGUAGE_STANDARD = gnu99;
				GCC_DYNAMIC_NO_PIC = NO;
				GCC_OPTIMIZATION_LEVEL = 0;
				GCC_PREPROCESSOR_DEFINITIONS = (
					"DEBUG=1",
					"$(inherited)",
				);
				GCC_SYMBOLS_PRIVATE_EXTERN = NO;
				GCC_WARN_64_TO_32_BIT_CONVERSION = YES;
				GCC_WARN_ABOUT_RETURN_TYPE = YES_ERROR;
				GCC_WARN_UNDECLARED_SELECTOR = YES;
				GCC_WARN_UNINITIALIZED_AUTOS = YES_AGGRESSIVE;
				GCC_WARN_UNUSED_FUNCTION = YES;
				GCC_WARN_UNUSED_VARIABLE = YES;
				IPHONEOS_DEPLOYMENT_TARGET = 7.1;
				ONLY_ACTIVE_ARCH = YES;
				SDKROOT = iphoneos;
				TARGETED_DEVICE_FAMILY = "1,2";
			};
			name = Debug;
		};
		09A18EA719C3175F00DFFD62 /* Release */ = {
			isa = XCBuildConfiguration;
			buildSettings = {
				ALWAYS_SEARCH_USER_PATHS = NO;
				CLANG_CXX_LANGUAGE_STANDARD = "gnu++0x";
				CLANG_CXX_LIBRARY = "libc++";
				CLANG_ENABLE_MODULES = YES;
				CLANG_ENABLE_OBJC_ARC = YES;
				CLANG_WARN_BOOL_CONVERSION = YES;
				CLANG_WARN_CONSTANT_CONVERSION = YES;
				CLANG_WARN_DIRECT_OBJC_ISA_USAGE = YES_ERROR;
				CLANG_WARN_EMPTY_BODY = YES;
				CLANG_WARN_ENUM_CONVERSION = YES;
				CLANG_WARN_INT_CONVERSION = YES;
				CLANG_WARN_OBJC_ROOT_CLASS = YES_ERROR;
				CLANG_WARN__DUPLICATE_METHOD_MATCH = YES;
				"CODE_SIGN_IDENTITY[sdk=iphoneos*]" = "iPhone Developer";
				COPY_PHASE_STRIP = YES;
				ENABLE_NS_ASSERTIONS = NO;
				GCC_C_LANGUAGE_STANDARD = gnu99;
				GCC_WARN_64_TO_32_BIT_CONVERSION = YES;
				GCC_WARN_ABOUT_RETURN_TYPE = YES_ERROR;
				GCC_WARN_UNDECLARED_SELECTOR = YES;
				GCC_WARN_UNINITIALIZED_AUTOS = YES_AGGRESSIVE;
				GCC_WARN_UNUSED_FUNCTION = YES;
				GCC_WARN_UNUSED_VARIABLE = YES;
				IPHONEOS_DEPLOYMENT_TARGET = 7.1;
				SDKROOT = iphoneos;
				TARGETED_DEVICE_FAMILY = "1,2";
				VALIDATE_PRODUCT = YES;
			};
			name = Release;
		};
		09A18EA919C3175F00DFFD62 /* Debug */ = {
			isa = XCBuildConfiguration;
			buildSettings = {
				ASSETCATALOG_COMPILER_APPICON_NAME = AppIcon;
				ASSETCATALOG_COMPILER_LAUNCHIMAGE_NAME = LaunchImage;
				CODE_SIGN_IDENTITY = "iPhone Developer: Suresh Subburam (3D8G8JVQSW)";
				GCC_PRECOMPILE_PREFIX_HEADER = YES;
				GCC_PREFIX_HEADER = "FilmSyncDemo/FilmSyncDemo-Prefix.pch";
				GCC_PREPROCESSOR_DEFINITIONS = (
					"DEBUG=1",
					"$(inherited)",
					"FS_DEBUG=1",
					"FSW_DEBUG=1",
				);
				INFOPLIST_FILE = "FilmSyncDemo/FilmSyncDemo-Info.plist";
				IPHONEOS_DEPLOYMENT_TARGET = 7.1;
				LIBRARY_SEARCH_PATHS = (
					"$(inherited)",
					"$(PROJECT_DIR)/FilmSyncDemo/FilmSyncLib",
					"$(PROJECT_DIR)/FilmSyncDemo/FilmSyncLib/include",
				);
				ONLY_ACTIVE_ARCH = YES;
				PRODUCT_NAME = "$(TARGET_NAME)";
				PROVISIONING_PROFILE = "c1f9c346-ec7c-404d-bb39-d81e012496d3";
				TARGETED_DEVICE_FAMILY = "1,2";
				VALID_ARCHS = "arm64 armv7 armv7s";
				WRAPPER_EXTENSION = app;
			};
			name = Debug;
		};
		09A18EAA19C3175F00DFFD62 /* Release */ = {
			isa = XCBuildConfiguration;
			buildSettings = {
				ASSETCATALOG_COMPILER_APPICON_NAME = AppIcon;
				ASSETCATALOG_COMPILER_LAUNCHIMAGE_NAME = LaunchImage;
				CODE_SIGN_IDENTITY = "iPhone Developer: Suresh Subburam (3D8G8JVQSW)";
				GCC_PRECOMPILE_PREFIX_HEADER = YES;
				GCC_PREFIX_HEADER = "FilmSyncDemo/FilmSyncDemo-Prefix.pch";
				GCC_PREPROCESSOR_DEFINITIONS = (
					"DEBUG=1",
					"$(inherited)",
					"FS_DEBUG=1",
					"FSW_DEBUG=1",
				);
				INFOPLIST_FILE = "FilmSyncDemo/FilmSyncDemo-Info.plist";
				IPHONEOS_DEPLOYMENT_TARGET = 7.1;
				LIBRARY_SEARCH_PATHS = (
					"$(inherited)",
					"$(PROJECT_DIR)/FilmSyncDemo/FilmSyncLib",
					"$(PROJECT_DIR)/FilmSyncDemo/FilmSyncLib/include",
				);
				PRODUCT_NAME = "$(TARGET_NAME)";
				PROVISIONING_PROFILE = "c1f9c346-ec7c-404d-bb39-d81e012496d3";
				TARGETED_DEVICE_FAMILY = "1,2";
				VALID_ARCHS = "arm64 armv7 armv7s";
				WRAPPER_EXTENSION = app;
			};
			name = Release;
		};
		09A18EAC19C3175F00DFFD62 /* Debug */ = {
			isa = XCBuildConfiguration;
			buildSettings = {
				BUNDLE_LOADER = "$(BUILT_PRODUCTS_DIR)/FilmSyncDemo.app/FilmSyncDemo";
				FRAMEWORK_SEARCH_PATHS = (
					"$(SDKROOT)/Developer/Library/Frameworks",
					"$(inherited)",
					"$(DEVELOPER_FRAMEWORKS_DIR)",
				);
				GCC_PRECOMPILE_PREFIX_HEADER = YES;
				GCC_PREFIX_HEADER = "FilmSyncDemo/FilmSyncDemo-Prefix.pch";
				GCC_PREPROCESSOR_DEFINITIONS = (
					"DEBUG=1",
					"$(inherited)",
				);
				INFOPLIST_FILE = "FilmSyncDemoTests/FilmSyncDemoTests-Info.plist";
				PRODUCT_NAME = "$(TARGET_NAME)";
				TEST_HOST = "$(BUNDLE_LOADER)";
				WRAPPER_EXTENSION = xctest;
			};
			name = Debug;
		};
		09A18EAD19C3175F00DFFD62 /* Release */ = {
			isa = XCBuildConfiguration;
			buildSettings = {
				BUNDLE_LOADER = "$(BUILT_PRODUCTS_DIR)/FilmSyncDemo.app/FilmSyncDemo";
				FRAMEWORK_SEARCH_PATHS = (
					"$(SDKROOT)/Developer/Library/Frameworks",
					"$(inherited)",
					"$(DEVELOPER_FRAMEWORKS_DIR)",
				);
				GCC_PRECOMPILE_PREFIX_HEADER = YES;
				GCC_PREFIX_HEADER = "FilmSyncDemo/FilmSyncDemo-Prefix.pch";
				INFOPLIST_FILE = "FilmSyncDemoTests/FilmSyncDemoTests-Info.plist";
				PRODUCT_NAME = "$(TARGET_NAME)";
				TEST_HOST = "$(BUNDLE_LOADER)";
				WRAPPER_EXTENSION = xctest;
			};
			name = Release;
		};
/* End XCBuildConfiguration section */

/* Begin XCConfigurationList section */
		09A18E6E19C3175F00DFFD62 /* Build configuration list for PBXProject "FilmSyncDemo" */ = {
			isa = XCConfigurationList;
			buildConfigurations = (
				09A18EA619C3175F00DFFD62 /* Debug */,
				09A18EA719C3175F00DFFD62 /* Release */,
			);
			defaultConfigurationIsVisible = 0;
			defaultConfigurationName = Release;
		};
		09A18EA819C3175F00DFFD62 /* Build configuration list for PBXNativeTarget "FilmSyncDemo" */ = {
			isa = XCConfigurationList;
			buildConfigurations = (
				09A18EA919C3175F00DFFD62 /* Debug */,
				09A18EAA19C3175F00DFFD62 /* Release */,
			);
			defaultConfigurationIsVisible = 0;
			defaultConfigurationName = Release;
		};
		09A18EAB19C3175F00DFFD62 /* Build configuration list for PBXNativeTarget "FilmSyncDemoTests" */ = {
			isa = XCConfigurationList;
			buildConfigurations = (
				09A18EAC19C3175F00DFFD62 /* Debug */,
				09A18EAD19C3175F00DFFD62 /* Release */,
			);
			defaultConfigurationIsVisible = 0;
			defaultConfigurationName = Release;
		};
/* End XCConfigurationList section */

/* Begin XCVersionGroup section */
		09B17BFC19F542E60026E06D /* FilmSyncModel.xcdatamodeld */ = {
			isa = XCVersionGroup;
			children = (
				09B17BFD19F542E60026E06D /* FilmSyncModel.xcdatamodel */,
			);
			currentVersion = 09B17BFD19F542E60026E06D /* FilmSyncModel.xcdatamodel */;
			path = FilmSyncModel.xcdatamodeld;
			sourceTree = "<group>";
			versionGroupType = wrapper.xcdatamodel;
		};
/* End XCVersionGroup section */
	};
	rootObject = 09A18E6B19C3175F00DFFD62 /* Project object */;
}
